// !$*UTF8*$!
{
	archiveVersion = 1;
	classes = {
	};
	objectVersion = 46;
	objects = {

/* Begin PBXBuildFile section */
		5220FCEA1F81A15200E22111 /* swift_qrcodejs_iOS.framework in Frameworks */ = {isa = PBXBuildFile; fileRef = 5220FCE11F81A15100E22111 /* swift_qrcodejs_iOS.framework */; };
		5220FCEF1F81A15200E22111 /* swift_qrcodejsTests_iOS.swift in Sources */ = {isa = PBXBuildFile; fileRef = 5220FCEE1F81A15200E22111 /* swift_qrcodejsTests_iOS.swift */; };
		5220FCF11F81A15200E22111 /* swift_qrcodejs.h in Headers */ = {isa = PBXBuildFile; fileRef = 5220FCE31F81A15100E22111 /* swift_qrcodejs.h */; settings = {ATTRIBUTES = (Public, ); }; };
		5220FD131F81A24F00E22111 /* swift_qrcodejs_tvOS.framework in Frameworks */ = {isa = PBXBuildFile; fileRef = 5220FD0A1F81A24F00E22111 /* swift_qrcodejs_tvOS.framework */; };
		5220FD331F81A40F00E22111 /* swift_qrcodejs_macOS.framework in Frameworks */ = {isa = PBXBuildFile; fileRef = 5220FD2A1F81A40E00E22111 /* swift_qrcodejs_macOS.framework */; };
		5220FD431F81A5E000E22111 /* swift_qrcodejsTests_macOS.swift in Sources */ = {isa = PBXBuildFile; fileRef = 5220FD421F81A5E000E22111 /* swift_qrcodejsTests_macOS.swift */; };
		5220FD451F81A64800E22111 /* Info.plist in Resources */ = {isa = PBXBuildFile; fileRef = 5220FD441F81A64800E22111 /* Info.plist */; };
		5220FD481F81A92700E22111 /* swift_qrcodejs.h in Headers */ = {isa = PBXBuildFile; fileRef = 5220FCE31F81A15100E22111 /* swift_qrcodejs.h */; settings = {ATTRIBUTES = (Public, ); }; };
		5220FD491F81A92800E22111 /* swift_qrcodejs.h in Headers */ = {isa = PBXBuildFile; fileRef = 5220FCE31F81A15100E22111 /* swift_qrcodejs.h */; settings = {ATTRIBUTES = (Public, ); }; };
		5220FD4A1F81A92900E22111 /* swift_qrcodejs.h in Headers */ = {isa = PBXBuildFile; fileRef = 5220FCE31F81A15100E22111 /* swift_qrcodejs.h */; settings = {ATTRIBUTES = (Public, ); }; };
		523B88C41F822C0200CB9456 /* QRCode.swift in Sources */ = {isa = PBXBuildFile; fileRef = 523B88B41F822C0000CB9456 /* QRCode.swift */; };
		523B88C51F822C0300CB9456 /* QRCode.swift in Sources */ = {isa = PBXBuildFile; fileRef = 523B88B41F822C0000CB9456 /* QRCode.swift */; };
		523B88C61F822C0300CB9456 /* QRCode.swift in Sources */ = {isa = PBXBuildFile; fileRef = 523B88B41F822C0000CB9456 /* QRCode.swift */; };
		523B88C71F822C0300CB9456 /* QRCode.swift in Sources */ = {isa = PBXBuildFile; fileRef = 523B88B41F822C0000CB9456 /* QRCode.swift */; };
		523B88C81F822C0300CB9456 /* Error.swift in Sources */ = {isa = PBXBuildFile; fileRef = 523B88B51F822C0000CB9456 /* Error.swift */; };
		523B88C91F822C0300CB9456 /* Error.swift in Sources */ = {isa = PBXBuildFile; fileRef = 523B88B51F822C0000CB9456 /* Error.swift */; };
		523B88CA1F822C0300CB9456 /* Error.swift in Sources */ = {isa = PBXBuildFile; fileRef = 523B88B51F822C0000CB9456 /* Error.swift */; };
		523B88CB1F822C0300CB9456 /* Error.swift in Sources */ = {isa = PBXBuildFile; fileRef = 523B88B51F822C0000CB9456 /* Error.swift */; };
		523B88CC1F822C0300CB9456 /* QRPatternLocator.swift in Sources */ = {isa = PBXBuildFile; fileRef = 523B88B61F822C0000CB9456 /* QRPatternLocator.swift */; };
		523B88CD1F822C0300CB9456 /* QRPatternLocator.swift in Sources */ = {isa = PBXBuildFile; fileRef = 523B88B61F822C0000CB9456 /* QRPatternLocator.swift */; };
		523B88CE1F822C0300CB9456 /* QRPatternLocator.swift in Sources */ = {isa = PBXBuildFile; fileRef = 523B88B61F822C0000CB9456 /* QRPatternLocator.swift */; };
		523B88CF1F822C0300CB9456 /* QRPatternLocator.swift in Sources */ = {isa = PBXBuildFile; fileRef = 523B88B61F822C0000CB9456 /* QRPatternLocator.swift */; };
		523B88D01F822C0300CB9456 /* QRRSBlock.swift in Sources */ = {isa = PBXBuildFile; fileRef = 523B88B71F822C0000CB9456 /* QRRSBlock.swift */; };
		523B88D11F822C0300CB9456 /* QRRSBlock.swift in Sources */ = {isa = PBXBuildFile; fileRef = 523B88B71F822C0000CB9456 /* QRRSBlock.swift */; };
		523B88D21F822C0300CB9456 /* QRRSBlock.swift in Sources */ = {isa = PBXBuildFile; fileRef = 523B88B71F822C0000CB9456 /* QRRSBlock.swift */; };
		523B88D31F822C0300CB9456 /* QRRSBlock.swift in Sources */ = {isa = PBXBuildFile; fileRef = 523B88B71F822C0000CB9456 /* QRRSBlock.swift */; };
		523B88D41F822C0300CB9456 /* QRCodeType.swift in Sources */ = {isa = PBXBuildFile; fileRef = 523B88B81F822C0000CB9456 /* QRCodeType.swift */; };
		523B88D51F822C0300CB9456 /* QRCodeType.swift in Sources */ = {isa = PBXBuildFile; fileRef = 523B88B81F822C0000CB9456 /* QRCodeType.swift */; };
		523B88D61F822C0300CB9456 /* QRCodeType.swift in Sources */ = {isa = PBXBuildFile; fileRef = 523B88B81F822C0000CB9456 /* QRCodeType.swift */; };
		523B88D71F822C0300CB9456 /* QRCodeType.swift in Sources */ = {isa = PBXBuildFile; fileRef = 523B88B81F822C0000CB9456 /* QRCodeType.swift */; };
		523B88D81F822C0300CB9456 /* QRCodeRenderer.swift in Sources */ = {isa = PBXBuildFile; fileRef = 523B88B91F822C0100CB9456 /* QRCodeRenderer.swift */; };
		523B88D91F822C0300CB9456 /* QRCodeRenderer.swift in Sources */ = {isa = PBXBuildFile; fileRef = 523B88B91F822C0100CB9456 /* QRCodeRenderer.swift */; };
		523B88DA1F822C0300CB9456 /* QRCodeRenderer.swift in Sources */ = {isa = PBXBuildFile; fileRef = 523B88B91F822C0100CB9456 /* QRCodeRenderer.swift */; };
		523B88DB1F822C0300CB9456 /* QRCodeRenderer.swift in Sources */ = {isa = PBXBuildFile; fileRef = 523B88B91F822C0100CB9456 /* QRCodeRenderer.swift */; };
		523B88E01F822C0300CB9456 /* QRCodeModel.swift in Sources */ = {isa = PBXBuildFile; fileRef = 523B88BB1F822C0100CB9456 /* QRCodeModel.swift */; };
		523B88E11F822C0300CB9456 /* QRCodeModel.swift in Sources */ = {isa = PBXBuildFile; fileRef = 523B88BB1F822C0100CB9456 /* QRCodeModel.swift */; };
		523B88E21F822C0300CB9456 /* QRCodeModel.swift in Sources */ = {isa = PBXBuildFile; fileRef = 523B88BB1F822C0100CB9456 /* QRCodeModel.swift */; };
		523B88E31F822C0300CB9456 /* QRCodeModel.swift in Sources */ = {isa = PBXBuildFile; fileRef = 523B88BB1F822C0100CB9456 /* QRCodeModel.swift */; };
		523B88E41F822C0300CB9456 /* QRBitBuffer.swift in Sources */ = {isa = PBXBuildFile; fileRef = 523B88BC1F822C0100CB9456 /* QRBitBuffer.swift */; };
		523B88E51F822C0300CB9456 /* QRBitBuffer.swift in Sources */ = {isa = PBXBuildFile; fileRef = 523B88BC1F822C0100CB9456 /* QRBitBuffer.swift */; };
		523B88E61F822C0300CB9456 /* QRBitBuffer.swift in Sources */ = {isa = PBXBuildFile; fileRef = 523B88BC1F822C0100CB9456 /* QRBitBuffer.swift */; };
		523B88E71F822C0300CB9456 /* QRBitBuffer.swift in Sources */ = {isa = PBXBuildFile; fileRef = 523B88BC1F822C0100CB9456 /* QRBitBuffer.swift */; };
		523B88E81F822C0300CB9456 /* QRPolynomial.swift in Sources */ = {isa = PBXBuildFile; fileRef = 523B88BD1F822C0100CB9456 /* QRPolynomial.swift */; };
		523B88E91F822C0300CB9456 /* QRPolynomial.swift in Sources */ = {isa = PBXBuildFile; fileRef = 523B88BD1F822C0100CB9456 /* QRPolynomial.swift */; };
		523B88EA1F822C0300CB9456 /* QRPolynomial.swift in Sources */ = {isa = PBXBuildFile; fileRef = 523B88BD1F822C0100CB9456 /* QRPolynomial.swift */; };
		523B88EB1F822C0300CB9456 /* QRPolynomial.swift in Sources */ = {isa = PBXBuildFile; fileRef = 523B88BD1F822C0100CB9456 /* QRPolynomial.swift */; };
		523B88EC1F822C0300CB9456 /* BCHUtil.swift in Sources */ = {isa = PBXBuildFile; fileRef = 523B88BE1F822C0100CB9456 /* BCHUtil.swift */; };
		523B88ED1F822C0300CB9456 /* BCHUtil.swift in Sources */ = {isa = PBXBuildFile; fileRef = 523B88BE1F822C0100CB9456 /* BCHUtil.swift */; };
		523B88EE1F822C0300CB9456 /* BCHUtil.swift in Sources */ = {isa = PBXBuildFile; fileRef = 523B88BE1F822C0100CB9456 /* BCHUtil.swift */; };
		523B88EF1F822C0300CB9456 /* BCHUtil.swift in Sources */ = {isa = PBXBuildFile; fileRef = 523B88BE1F822C0100CB9456 /* BCHUtil.swift */; };
		523B88F01F822C0300CB9456 /* QR8bitByte.swift in Sources */ = {isa = PBXBuildFile; fileRef = 523B88BF1F822C0200CB9456 /* QR8bitByte.swift */; };
		523B88F11F822C0300CB9456 /* QR8bitByte.swift in Sources */ = {isa = PBXBuildFile; fileRef = 523B88BF1F822C0200CB9456 /* QR8bitByte.swift */; };
		523B88F21F822C0300CB9456 /* QR8bitByte.swift in Sources */ = {isa = PBXBuildFile; fileRef = 523B88BF1F822C0200CB9456 /* QR8bitByte.swift */; };
		523B88F31F822C0300CB9456 /* QR8bitByte.swift in Sources */ = {isa = PBXBuildFile; fileRef = 523B88BF1F822C0200CB9456 /* QR8bitByte.swift */; };
		523B88F41F822C0300CB9456 /* QRMath.swift in Sources */ = {isa = PBXBuildFile; fileRef = 523B88C01F822C0200CB9456 /* QRMath.swift */; };
		523B88F51F822C0300CB9456 /* QRMath.swift in Sources */ = {isa = PBXBuildFile; fileRef = 523B88C01F822C0200CB9456 /* QRMath.swift */; };
		523B88F61F822C0300CB9456 /* QRMath.swift in Sources */ = {isa = PBXBuildFile; fileRef = 523B88C01F822C0200CB9456 /* QRMath.swift */; };
		523B88F71F822C0300CB9456 /* QRMath.swift in Sources */ = {isa = PBXBuildFile; fileRef = 523B88C01F822C0200CB9456 /* QRMath.swift */; };
		523B88F81F822C0300CB9456 /* QRMaskPattern.swift in Sources */ = {isa = PBXBuildFile; fileRef = 523B88C11F822C0200CB9456 /* QRMaskPattern.swift */; };
		523B88F91F822C0300CB9456 /* QRMaskPattern.swift in Sources */ = {isa = PBXBuildFile; fileRef = 523B88C11F822C0200CB9456 /* QRMaskPattern.swift */; };
		523B88FA1F822C0300CB9456 /* QRMaskPattern.swift in Sources */ = {isa = PBXBuildFile; fileRef = 523B88C11F822C0200CB9456 /* QRMaskPattern.swift */; };
		523B88FB1F822C0300CB9456 /* QRMaskPattern.swift in Sources */ = {isa = PBXBuildFile; fileRef = 523B88C11F822C0200CB9456 /* QRMaskPattern.swift */; };
		523B88FC1F822C0300CB9456 /* QRMode.swift in Sources */ = {isa = PBXBuildFile; fileRef = 523B88C21F822C0200CB9456 /* QRMode.swift */; };
		523B88FD1F822C0300CB9456 /* QRMode.swift in Sources */ = {isa = PBXBuildFile; fileRef = 523B88C21F822C0200CB9456 /* QRMode.swift */; };
		523B88FE1F822C0300CB9456 /* QRMode.swift in Sources */ = {isa = PBXBuildFile; fileRef = 523B88C21F822C0200CB9456 /* QRMode.swift */; };
		523B88FF1F822C0300CB9456 /* QRMode.swift in Sources */ = {isa = PBXBuildFile; fileRef = 523B88C21F822C0200CB9456 /* QRMode.swift */; };
		523B89001F822C0300CB9456 /* QRErrorCorrectLevel.swift in Sources */ = {isa = PBXBuildFile; fileRef = 523B88C31F822C0200CB9456 /* QRErrorCorrectLevel.swift */; };
		523B89011F822C0300CB9456 /* QRErrorCorrectLevel.swift in Sources */ = {isa = PBXBuildFile; fileRef = 523B88C31F822C0200CB9456 /* QRErrorCorrectLevel.swift */; };
		523B89021F822C0300CB9456 /* QRErrorCorrectLevel.swift in Sources */ = {isa = PBXBuildFile; fileRef = 523B88C31F822C0200CB9456 /* QRErrorCorrectLevel.swift */; };
		523B89031F822C0300CB9456 /* QRErrorCorrectLevel.swift in Sources */ = {isa = PBXBuildFile; fileRef = 523B88C31F822C0200CB9456 /* QRErrorCorrectLevel.swift */; };
/* End PBXBuildFile section */

/* Begin PBXContainerItemProxy section */
		5220FCEB1F81A15200E22111 /* PBXContainerItemProxy */ = {
			isa = PBXContainerItemProxy;
			containerPortal = OBJ_1 /* Project object */;
			proxyType = 1;
			remoteGlobalIDString = 5220FCE01F81A15100E22111;
			remoteInfo = "swift-qrcodejs-iOS";
		};
		5220FD141F81A24F00E22111 /* PBXContainerItemProxy */ = {
			isa = PBXContainerItemProxy;
			containerPortal = OBJ_1 /* Project object */;
			proxyType = 1;
			remoteGlobalIDString = 5220FD091F81A24F00E22111;
			remoteInfo = "swift-qrcodejs-tvOS";
		};
		5220FD341F81A40F00E22111 /* PBXContainerItemProxy */ = {
			isa = PBXContainerItemProxy;
			containerPortal = OBJ_1 /* Project object */;
			proxyType = 1;
			remoteGlobalIDString = 5220FD291F81A40E00E22111;
			remoteInfo = "swift-qrcodejs-macOS";
		};
/* End PBXContainerItemProxy section */

/* Begin PBXFileReference section */
		5220FCE11F81A15100E22111 /* swift_qrcodejs_iOS.framework */ = {isa = PBXFileReference; explicitFileType = wrapper.framework; includeInIndex = 0; path = swift_qrcodejs_iOS.framework; sourceTree = BUILT_PRODUCTS_DIR; };
		5220FCE31F81A15100E22111 /* swift_qrcodejs.h */ = {isa = PBXFileReference; lastKnownFileType = sourcecode.c.h; path = swift_qrcodejs.h; sourceTree = "<group>"; };
		5220FCE41F81A15100E22111 /* Info.plist */ = {isa = PBXFileReference; lastKnownFileType = text.plist.xml; path = Info.plist; sourceTree = "<group>"; };
		5220FCE91F81A15100E22111 /* swift-qrcodejsTests-iOS.xctest */ = {isa = PBXFileReference; explicitFileType = wrapper.cfbundle; includeInIndex = 0; path = "swift-qrcodejsTests-iOS.xctest"; sourceTree = BUILT_PRODUCTS_DIR; };
		5220FCEE1F81A15200E22111 /* swift_qrcodejsTests_iOS.swift */ = {isa = PBXFileReference; lastKnownFileType = sourcecode.swift; path = swift_qrcodejsTests_iOS.swift; sourceTree = "<group>"; };
		5220FCF01F81A15200E22111 /* Info.plist */ = {isa = PBXFileReference; lastKnownFileType = text.plist.xml; path = Info.plist; sourceTree = "<group>"; };
		5220FCFD1F81A1EB00E22111 /* swift_qrcodejs_watchOS.framework */ = {isa = PBXFileReference; explicitFileType = wrapper.framework; includeInIndex = 0; path = swift_qrcodejs_watchOS.framework; sourceTree = BUILT_PRODUCTS_DIR; };
		5220FD0A1F81A24F00E22111 /* swift_qrcodejs_tvOS.framework */ = {isa = PBXFileReference; explicitFileType = wrapper.framework; includeInIndex = 0; path = swift_qrcodejs_tvOS.framework; sourceTree = BUILT_PRODUCTS_DIR; };
		5220FD121F81A24F00E22111 /* swift-qrcodejsTests-tvOS.xctest */ = {isa = PBXFileReference; explicitFileType = wrapper.cfbundle; includeInIndex = 0; path = "swift-qrcodejsTests-tvOS.xctest"; sourceTree = BUILT_PRODUCTS_DIR; };
		5220FD231F81A2D400E22111 /* Info.plist */ = {isa = PBXFileReference; lastKnownFileType = text.plist.xml; path = Info.plist; sourceTree = "<group>"; };
		5220FD241F81A2D400E22111 /* swift_qrcodejsTests_tvOS.swift */ = {isa = PBXFileReference; lastKnownFileType = sourcecode.swift; path = swift_qrcodejsTests_tvOS.swift; sourceTree = "<group>"; };
		5220FD2A1F81A40E00E22111 /* swift_qrcodejs_macOS.framework */ = {isa = PBXFileReference; explicitFileType = wrapper.framework; includeInIndex = 0; path = swift_qrcodejs_macOS.framework; sourceTree = BUILT_PRODUCTS_DIR; };
		5220FD321F81A40F00E22111 /* swift-qrcodejsTests-macOS.xctest */ = {isa = PBXFileReference; explicitFileType = wrapper.cfbundle; includeInIndex = 0; path = "swift-qrcodejsTests-macOS.xctest"; sourceTree = BUILT_PRODUCTS_DIR; };
		5220FD421F81A5E000E22111 /* swift_qrcodejsTests_macOS.swift */ = {isa = PBXFileReference; lastKnownFileType = sourcecode.swift; path = swift_qrcodejsTests_macOS.swift; sourceTree = "<group>"; };
		5220FD441F81A64800E22111 /* Info.plist */ = {isa = PBXFileReference; lastKnownFileType = text.plist.xml; path = Info.plist; sourceTree = "<group>"; };
		5220FD531F81ABA300E22111 /* README.md */ = {isa = PBXFileReference; lastKnownFileType = net.daringfireball.markdown; path = README.md; sourceTree = "<group>"; };
		5220FD541F81ABAD00E22111 /* LICENSE */ = {isa = PBXFileReference; lastKnownFileType = text; path = LICENSE; sourceTree = "<group>"; };
		523B88B41F822C0000CB9456 /* QRCode.swift */ = {isa = PBXFileReference; lastKnownFileType = sourcecode.swift; path = QRCode.swift; sourceTree = "<group>"; };
		523B88B51F822C0000CB9456 /* Error.swift */ = {isa = PBXFileReference; lastKnownFileType = sourcecode.swift; path = Error.swift; sourceTree = "<group>"; };
		523B88B61F822C0000CB9456 /* QRPatternLocator.swift */ = {isa = PBXFileReference; lastKnownFileType = sourcecode.swift; path = QRPatternLocator.swift; sourceTree = "<group>"; };
		523B88B71F822C0000CB9456 /* QRRSBlock.swift */ = {isa = PBXFileReference; lastKnownFileType = sourcecode.swift; path = QRRSBlock.swift; sourceTree = "<group>"; };
		523B88B81F822C0000CB9456 /* QRCodeType.swift */ = {isa = PBXFileReference; lastKnownFileType = sourcecode.swift; path = QRCodeType.swift; sourceTree = "<group>"; };
		523B88B91F822C0100CB9456 /* QRCodeRenderer.swift */ = {isa = PBXFileReference; lastKnownFileType = sourcecode.swift; path = QRCodeRenderer.swift; sourceTree = "<group>"; };
		523B88BB1F822C0100CB9456 /* QRCodeModel.swift */ = {isa = PBXFileReference; lastKnownFileType = sourcecode.swift; path = QRCodeModel.swift; sourceTree = "<group>"; };
		523B88BC1F822C0100CB9456 /* QRBitBuffer.swift */ = {isa = PBXFileReference; lastKnownFileType = sourcecode.swift; path = QRBitBuffer.swift; sourceTree = "<group>"; };
		523B88BD1F822C0100CB9456 /* QRPolynomial.swift */ = {isa = PBXFileReference; lastKnownFileType = sourcecode.swift; path = QRPolynomial.swift; sourceTree = "<group>"; };
		523B88BE1F822C0100CB9456 /* BCHUtil.swift */ = {isa = PBXFileReference; lastKnownFileType = sourcecode.swift; path = BCHUtil.swift; sourceTree = "<group>"; };
		523B88BF1F822C0200CB9456 /* QR8bitByte.swift */ = {isa = PBXFileReference; lastKnownFileType = sourcecode.swift; path = QR8bitByte.swift; sourceTree = "<group>"; };
		523B88C01F822C0200CB9456 /* QRMath.swift */ = {isa = PBXFileReference; lastKnownFileType = sourcecode.swift; path = QRMath.swift; sourceTree = "<group>"; };
		523B88C11F822C0200CB9456 /* QRMaskPattern.swift */ = {isa = PBXFileReference; lastKnownFileType = sourcecode.swift; path = QRMaskPattern.swift; sourceTree = "<group>"; };
		523B88C21F822C0200CB9456 /* QRMode.swift */ = {isa = PBXFileReference; lastKnownFileType = sourcecode.swift; path = QRMode.swift; sourceTree = "<group>"; };
		523B88C31F822C0200CB9456 /* QRErrorCorrectLevel.swift */ = {isa = PBXFileReference; lastKnownFileType = sourcecode.swift; path = QRErrorCorrectLevel.swift; sourceTree = "<group>"; };
		526A7B9D1F82422E005234D9 /* qrcode.js */ = {isa = PBXFileReference; lastKnownFileType = sourcecode.javascript; path = qrcode.js; sourceTree = "<group>"; };
		OBJ_6 /* Package.swift */ = {isa = PBXFileReference; explicitFileType = sourcecode.swift; path = Package.swift; sourceTree = "<group>"; };
/* End PBXFileReference section */

/* Begin PBXFrameworksBuildPhase section */
		5220FCDD1F81A15100E22111 /* Frameworks */ = {
			isa = PBXFrameworksBuildPhase;
			buildActionMask = 2147483647;
			files = (
			);
			runOnlyForDeploymentPostprocessing = 0;
		};
		5220FCE61F81A15100E22111 /* Frameworks */ = {
			isa = PBXFrameworksBuildPhase;
			buildActionMask = 2147483647;
			files = (
				5220FCEA1F81A15200E22111 /* swift_qrcodejs_iOS.framework in Frameworks */,
			);
			runOnlyForDeploymentPostprocessing = 0;
		};
		5220FCF91F81A1EB00E22111 /* Frameworks */ = {
			isa = PBXFrameworksBuildPhase;
			buildActionMask = 2147483647;
			files = (
			);
			runOnlyForDeploymentPostprocessing = 0;
		};
		5220FD061F81A24F00E22111 /* Frameworks */ = {
			isa = PBXFrameworksBuildPhase;
			buildActionMask = 2147483647;
			files = (
			);
			runOnlyForDeploymentPostprocessing = 0;
		};
		5220FD0F1F81A24F00E22111 /* Frameworks */ = {
			isa = PBXFrameworksBuildPhase;
			buildActionMask = 2147483647;
			files = (
				5220FD131F81A24F00E22111 /* swift_qrcodejs_tvOS.framework in Frameworks */,
			);
			runOnlyForDeploymentPostprocessing = 0;
		};
		5220FD261F81A40E00E22111 /* Frameworks */ = {
			isa = PBXFrameworksBuildPhase;
			buildActionMask = 2147483647;
			files = (
			);
			runOnlyForDeploymentPostprocessing = 0;
		};
		5220FD2F1F81A40F00E22111 /* Frameworks */ = {
			isa = PBXFrameworksBuildPhase;
			buildActionMask = 2147483647;
			files = (
				5220FD331F81A40F00E22111 /* swift_qrcodejs_macOS.framework in Frameworks */,
			);
			runOnlyForDeploymentPostprocessing = 0;
		};
/* End PBXFrameworksBuildPhase section */

/* Begin PBXGroup section */
		5220FCDB1F81A11000E22111 /* Demo */ = {
			isa = PBXGroup;
			children = (
			);
			path = Demo;
			sourceTree = "<group>";
		};
		5220FCED1F81A15200E22111 /* swift-qrcodejsTests-iOS */ = {
			isa = PBXGroup;
			children = (
				5220FCEE1F81A15200E22111 /* swift_qrcodejsTests_iOS.swift */,
				5220FCF01F81A15200E22111 /* Info.plist */,
			);
			path = "swift-qrcodejsTests-iOS";
			sourceTree = "<group>";
		};
		5220FD221F81A2D400E22111 /* swift-qrcodejsTests-tvOS */ = {
			isa = PBXGroup;
			children = (
				5220FD231F81A2D400E22111 /* Info.plist */,
				5220FD241F81A2D400E22111 /* swift_qrcodejsTests_tvOS.swift */,
			);
			name = "swift-qrcodejsTests-tvOS";
			path = "Tests/swift-qrcodejsTests-tvOS";
			sourceTree = SOURCE_ROOT;
		};
		5220FD411F81A55000E22111 /* swift-qrcodejsTests-macOS */ = {
			isa = PBXGroup;
			children = (
				5220FD421F81A5E000E22111 /* swift_qrcodejsTests_macOS.swift */,
				5220FD441F81A64800E22111 /* Info.plist */,
			);
			path = "swift-qrcodejsTests-macOS";
			sourceTree = "<group>";
		};
		526A7B9B1F823D19005234D9 /* View */ = {
			isa = PBXGroup;
			children = (
				523B88B91F822C0100CB9456 /* QRCodeRenderer.swift */,
			);
			name = View;
			sourceTree = "<group>";
		};
		526A7B9C1F823D27005234D9 /* Model */ = {
			isa = PBXGroup;
			children = (
				523B88BB1F822C0100CB9456 /* QRCodeModel.swift */,
				523B88BE1F822C0100CB9456 /* BCHUtil.swift */,
				523B88B51F822C0000CB9456 /* Error.swift */,
				523B88B81F822C0000CB9456 /* QRCodeType.swift */,
				523B88BF1F822C0200CB9456 /* QR8bitByte.swift */,
				523B88BC1F822C0100CB9456 /* QRBitBuffer.swift */,
				523B88C31F822C0200CB9456 /* QRErrorCorrectLevel.swift */,
				523B88C11F822C0200CB9456 /* QRMaskPattern.swift */,
				523B88C01F822C0200CB9456 /* QRMath.swift */,
				523B88C21F822C0200CB9456 /* QRMode.swift */,
				523B88B61F822C0000CB9456 /* QRPatternLocator.swift */,
				523B88BD1F822C0100CB9456 /* QRPolynomial.swift */,
				523B88B71F822C0000CB9456 /* QRRSBlock.swift */,
			);
			name = Model;
			sourceTree = "<group>";
		};
		OBJ_10 /* Tests */ = {
			isa = PBXGroup;
			children = (
				5220FCED1F81A15200E22111 /* swift-qrcodejsTests-iOS */,
				5220FD411F81A55000E22111 /* swift-qrcodejsTests-macOS */,
				5220FD221F81A2D400E22111 /* swift-qrcodejsTests-tvOS */,
			);
			path = Tests;
			sourceTree = SOURCE_ROOT;
		};
		OBJ_13 /* Products */ = {
			isa = PBXGroup;
			children = (
				5220FCE11F81A15100E22111 /* swift_qrcodejs_iOS.framework */,
				5220FCE91F81A15100E22111 /* swift-qrcodejsTests-iOS.xctest */,
				5220FCFD1F81A1EB00E22111 /* swift_qrcodejs_watchOS.framework */,
				5220FD0A1F81A24F00E22111 /* swift_qrcodejs_tvOS.framework */,
				5220FD121F81A24F00E22111 /* swift-qrcodejsTests-tvOS.xctest */,
				5220FD2A1F81A40E00E22111 /* swift_qrcodejs_macOS.framework */,
				5220FD321F81A40F00E22111 /* swift-qrcodejsTests-macOS.xctest */,
			);
			name = Products;
			sourceTree = BUILT_PRODUCTS_DIR;
		};
		OBJ_5 = {
			isa = PBXGroup;
			children = (
				5220FD531F81ABA300E22111 /* README.md */,
				5220FD541F81ABAD00E22111 /* LICENSE */,
				526A7B9D1F82422E005234D9 /* qrcode.js */,
				OBJ_6 /* Package.swift */,
				OBJ_7 /* Sources */,
				OBJ_10 /* Tests */,
				5220FCDB1F81A11000E22111 /* Demo */,
				OBJ_13 /* Products */,
			);
			sourceTree = "<group>";
		};
		OBJ_7 /* Sources */ = {
			isa = PBXGroup;
			children = (
				523B88B41F822C0000CB9456 /* QRCode.swift */,
				526A7B9C1F823D27005234D9 /* Model */,
				526A7B9B1F823D19005234D9 /* View */,
				5220FCE41F81A15100E22111 /* Info.plist */,
				5220FCE31F81A15100E22111 /* swift_qrcodejs.h */,
			);
			path = Sources;
			sourceTree = SOURCE_ROOT;
		};
/* End PBXGroup section */

/* Begin PBXHeadersBuildPhase section */
		5220FCDE1F81A15100E22111 /* Headers */ = {
			isa = PBXHeadersBuildPhase;
			buildActionMask = 2147483647;
			files = (
				5220FCF11F81A15200E22111 /* swift_qrcodejs.h in Headers */,
			);
			runOnlyForDeploymentPostprocessing = 0;
		};
		5220FCFA1F81A1EB00E22111 /* Headers */ = {
			isa = PBXHeadersBuildPhase;
			buildActionMask = 2147483647;
			files = (
				5220FD481F81A92700E22111 /* swift_qrcodejs.h in Headers */,
			);
			runOnlyForDeploymentPostprocessing = 0;
		};
		5220FD071F81A24F00E22111 /* Headers */ = {
			isa = PBXHeadersBuildPhase;
			buildActionMask = 2147483647;
			files = (
				5220FD4A1F81A92900E22111 /* swift_qrcodejs.h in Headers */,
			);
			runOnlyForDeploymentPostprocessing = 0;
		};
		5220FD271F81A40E00E22111 /* Headers */ = {
			isa = PBXHeadersBuildPhase;
			buildActionMask = 2147483647;
			files = (
				5220FD491F81A92800E22111 /* swift_qrcodejs.h in Headers */,
			);
			runOnlyForDeploymentPostprocessing = 0;
		};
/* End PBXHeadersBuildPhase section */

/* Begin PBXNativeTarget section */
		5220FCE01F81A15100E22111 /* swift-qrcodejs-iOS */ = {
			isa = PBXNativeTarget;
			buildConfigurationList = 5220FCF21F81A15200E22111 /* Build configuration list for PBXNativeTarget "swift-qrcodejs-iOS" */;
			buildPhases = (
				5220FCDC1F81A15100E22111 /* Sources */,
				5220FCDD1F81A15100E22111 /* Frameworks */,
				5220FCDE1F81A15100E22111 /* Headers */,
				5220FCDF1F81A15100E22111 /* Resources */,
			);
			buildRules = (
			);
			dependencies = (
			);
			name = "swift-qrcodejs-iOS";
			productName = "swift-qrcodejs-iOS";
			productReference = 5220FCE11F81A15100E22111 /* swift_qrcodejs_iOS.framework */;
			productType = "com.apple.product-type.framework";
		};
		5220FCE81F81A15100E22111 /* swift-qrcodejsTests-iOS */ = {
			isa = PBXNativeTarget;
			buildConfigurationList = 5220FCF51F81A15200E22111 /* Build configuration list for PBXNativeTarget "swift-qrcodejsTests-iOS" */;
			buildPhases = (
				5220FCE51F81A15100E22111 /* Sources */,
				5220FCE61F81A15100E22111 /* Frameworks */,
				5220FCE71F81A15100E22111 /* Resources */,
			);
			buildRules = (
			);
			dependencies = (
				5220FCEC1F81A15200E22111 /* PBXTargetDependency */,
			);
			name = "swift-qrcodejsTests-iOS";
			productName = "swift-qrcodejs-iOSTests";
			productReference = 5220FCE91F81A15100E22111 /* swift-qrcodejsTests-iOS.xctest */;
			productType = "com.apple.product-type.bundle.unit-test";
		};
		5220FCFC1F81A1EB00E22111 /* swift-qrcodejs-watchOS */ = {
			isa = PBXNativeTarget;
			buildConfigurationList = 5220FD021F81A1EB00E22111 /* Build configuration list for PBXNativeTarget "swift-qrcodejs-watchOS" */;
			buildPhases = (
				5220FCF81F81A1EB00E22111 /* Sources */,
				5220FCF91F81A1EB00E22111 /* Frameworks */,
				5220FCFA1F81A1EB00E22111 /* Headers */,
				5220FCFB1F81A1EB00E22111 /* Resources */,
			);
			buildRules = (
			);
			dependencies = (
			);
			name = "swift-qrcodejs-watchOS";
			productName = "swift-qrcodejs-watchOS";
			productReference = 5220FCFD1F81A1EB00E22111 /* swift_qrcodejs_watchOS.framework */;
			productType = "com.apple.product-type.framework";
		};
		5220FD091F81A24F00E22111 /* swift-qrcodejs-tvOS */ = {
			isa = PBXNativeTarget;
			buildConfigurationList = 5220FD1B1F81A24F00E22111 /* Build configuration list for PBXNativeTarget "swift-qrcodejs-tvOS" */;
			buildPhases = (
				5220FD051F81A24F00E22111 /* Sources */,
				5220FD061F81A24F00E22111 /* Frameworks */,
				5220FD071F81A24F00E22111 /* Headers */,
				5220FD081F81A24F00E22111 /* Resources */,
			);
			buildRules = (
			);
			dependencies = (
			);
			name = "swift-qrcodejs-tvOS";
			productName = "swift-qrcodejs-tvOS";
			productReference = 5220FD0A1F81A24F00E22111 /* swift_qrcodejs_tvOS.framework */;
			productType = "com.apple.product-type.framework";
		};
		5220FD111F81A24F00E22111 /* swift-qrcodejsTests-tvOS */ = {
			isa = PBXNativeTarget;
			buildConfigurationList = 5220FD1E1F81A24F00E22111 /* Build configuration list for PBXNativeTarget "swift-qrcodejsTests-tvOS" */;
			buildPhases = (
				5220FD0E1F81A24F00E22111 /* Sources */,
				5220FD0F1F81A24F00E22111 /* Frameworks */,
				5220FD101F81A24F00E22111 /* Resources */,
			);
			buildRules = (
			);
			dependencies = (
				5220FD151F81A24F00E22111 /* PBXTargetDependency */,
			);
			name = "swift-qrcodejsTests-tvOS";
			productName = "swift-qrcodejs-tvOSTests";
			productReference = 5220FD121F81A24F00E22111 /* swift-qrcodejsTests-tvOS.xctest */;
			productType = "com.apple.product-type.bundle.unit-test";
		};
		5220FD291F81A40E00E22111 /* swift-qrcodejs-macOS */ = {
			isa = PBXNativeTarget;
			buildConfigurationList = 5220FD3B1F81A41000E22111 /* Build configuration list for PBXNativeTarget "swift-qrcodejs-macOS" */;
			buildPhases = (
				5220FD251F81A40E00E22111 /* Sources */,
				5220FD261F81A40E00E22111 /* Frameworks */,
				5220FD271F81A40E00E22111 /* Headers */,
				5220FD281F81A40E00E22111 /* Resources */,
			);
			buildRules = (
			);
			dependencies = (
			);
			name = "swift-qrcodejs-macOS";
			productName = "swift-qrcodejs-macOS";
			productReference = 5220FD2A1F81A40E00E22111 /* swift_qrcodejs_macOS.framework */;
			productType = "com.apple.product-type.framework";
		};
		5220FD311F81A40F00E22111 /* swift-qrcodejsTests-macOS */ = {
			isa = PBXNativeTarget;
			buildConfigurationList = 5220FD3E1F81A41000E22111 /* Build configuration list for PBXNativeTarget "swift-qrcodejsTests-macOS" */;
			buildPhases = (
				5220FD2E1F81A40F00E22111 /* Sources */,
				5220FD2F1F81A40F00E22111 /* Frameworks */,
				5220FD301F81A40F00E22111 /* Resources */,
			);
			buildRules = (
			);
			dependencies = (
				5220FD351F81A40F00E22111 /* PBXTargetDependency */,
			);
			name = "swift-qrcodejsTests-macOS";
			productName = "swift-qrcodejs-macOSTests";
			productReference = 5220FD321F81A40F00E22111 /* swift-qrcodejsTests-macOS.xctest */;
			productType = "com.apple.product-type.bundle.unit-test";
		};
/* End PBXNativeTarget section */

/* Begin PBXProject section */
		OBJ_1 /* Project object */ = {
			isa = PBXProject;
			attributes = {
				LastSwiftUpdateCheck = 0900;
				LastUpgradeCheck = 9999;
				TargetAttributes = {
					5220FCE01F81A15100E22111 = {
						CreatedOnToolsVersion = 9.0;
						LastSwiftMigration = 0900;
						ProvisioningStyle = Automatic;
					};
					5220FCE81F81A15100E22111 = {
						CreatedOnToolsVersion = 9.0;
						ProvisioningStyle = Automatic;
					};
					5220FCFC1F81A1EB00E22111 = {
						CreatedOnToolsVersion = 9.0;
						LastSwiftMigration = 0900;
						ProvisioningStyle = Automatic;
					};
					5220FD091F81A24F00E22111 = {
						CreatedOnToolsVersion = 9.0;
						LastSwiftMigration = 0900;
						ProvisioningStyle = Automatic;
					};
					5220FD111F81A24F00E22111 = {
						CreatedOnToolsVersion = 9.0;
						ProvisioningStyle = Automatic;
					};
					5220FD291F81A40E00E22111 = {
						CreatedOnToolsVersion = 9.0;
						LastSwiftMigration = 0900;
						ProvisioningStyle = Automatic;
					};
					5220FD311F81A40F00E22111 = {
						CreatedOnToolsVersion = 9.0;
						LastSwiftMigration = 0900;
						ProvisioningStyle = Automatic;
					};
				};
			};
			buildConfigurationList = OBJ_2 /* Build configuration list for PBXProject "swift-qrcodejs" */;
			compatibilityVersion = "Xcode 3.2";
			developmentRegion = English;
			hasScannedForEncodings = 0;
			knownRegions = (
				en,
			);
			mainGroup = OBJ_5;
			productRefGroup = OBJ_13 /* Products */;
			projectDirPath = "";
			projectRoot = "";
			targets = (
				5220FCFC1F81A1EB00E22111 /* swift-qrcodejs-watchOS */,
				5220FCE01F81A15100E22111 /* swift-qrcodejs-iOS */,
				5220FD091F81A24F00E22111 /* swift-qrcodejs-tvOS */,
				5220FD291F81A40E00E22111 /* swift-qrcodejs-macOS */,
				5220FCE81F81A15100E22111 /* swift-qrcodejsTests-iOS */,
				5220FD111F81A24F00E22111 /* swift-qrcodejsTests-tvOS */,
				5220FD311F81A40F00E22111 /* swift-qrcodejsTests-macOS */,
			);
		};
/* End PBXProject section */

/* Begin PBXResourcesBuildPhase section */
		5220FCDF1F81A15100E22111 /* Resources */ = {
			isa = PBXResourcesBuildPhase;
			buildActionMask = 2147483647;
			files = (
			);
			runOnlyForDeploymentPostprocessing = 0;
		};
		5220FCE71F81A15100E22111 /* Resources */ = {
			isa = PBXResourcesBuildPhase;
			buildActionMask = 2147483647;
			files = (
			);
			runOnlyForDeploymentPostprocessing = 0;
		};
		5220FCFB1F81A1EB00E22111 /* Resources */ = {
			isa = PBXResourcesBuildPhase;
			buildActionMask = 2147483647;
			files = (
			);
			runOnlyForDeploymentPostprocessing = 0;
		};
		5220FD081F81A24F00E22111 /* Resources */ = {
			isa = PBXResourcesBuildPhase;
			buildActionMask = 2147483647;
			files = (
			);
			runOnlyForDeploymentPostprocessing = 0;
		};
		5220FD101F81A24F00E22111 /* Resources */ = {
			isa = PBXResourcesBuildPhase;
			buildActionMask = 2147483647;
			files = (
			);
			runOnlyForDeploymentPostprocessing = 0;
		};
		5220FD281F81A40E00E22111 /* Resources */ = {
			isa = PBXResourcesBuildPhase;
			buildActionMask = 2147483647;
			files = (
			);
			runOnlyForDeploymentPostprocessing = 0;
		};
		5220FD301F81A40F00E22111 /* Resources */ = {
			isa = PBXResourcesBuildPhase;
			buildActionMask = 2147483647;
			files = (
				5220FD451F81A64800E22111 /* Info.plist in Resources */,
			);
			runOnlyForDeploymentPostprocessing = 0;
		};
/* End PBXResourcesBuildPhase section */

/* Begin PBXSourcesBuildPhase section */
		5220FCDC1F81A15100E22111 /* Sources */ = {
			isa = PBXSourcesBuildPhase;
			buildActionMask = 2147483647;
			files = (
				523B88EC1F822C0300CB9456 /* BCHUtil.swift in Sources */,
				523B88C81F822C0300CB9456 /* Error.swift in Sources */,
				523B88D01F822C0300CB9456 /* QRRSBlock.swift in Sources */,
				523B88E01F822C0300CB9456 /* QRCodeModel.swift in Sources */,
				523B88F81F822C0300CB9456 /* QRMaskPattern.swift in Sources */,
				523B88F01F822C0300CB9456 /* QR8bitByte.swift in Sources */,
				523B88E81F822C0300CB9456 /* QRPolynomial.swift in Sources */,
				523B88FC1F822C0300CB9456 /* QRMode.swift in Sources */,
				523B88C41F822C0200CB9456 /* QRCode.swift in Sources */,
				523B88D41F822C0300CB9456 /* QRCodeType.swift in Sources */,
				523B89001F822C0300CB9456 /* QRErrorCorrectLevel.swift in Sources */,
				523B88D81F822C0300CB9456 /* QRCodeRenderer.swift in Sources */,
				523B88E41F822C0300CB9456 /* QRBitBuffer.swift in Sources */,
				523B88CC1F822C0300CB9456 /* QRPatternLocator.swift in Sources */,
				523B88F41F822C0300CB9456 /* QRMath.swift in Sources */,
			);
			runOnlyForDeploymentPostprocessing = 0;
		};
		5220FCE51F81A15100E22111 /* Sources */ = {
			isa = PBXSourcesBuildPhase;
			buildActionMask = 2147483647;
			files = (
				5220FCEF1F81A15200E22111 /* swift_qrcodejsTests_iOS.swift in Sources */,
			);
			runOnlyForDeploymentPostprocessing = 0;
		};
		5220FCF81F81A1EB00E22111 /* Sources */ = {
			isa = PBXSourcesBuildPhase;
			buildActionMask = 2147483647;
			files = (
				523B88EF1F822C0300CB9456 /* BCHUtil.swift in Sources */,
				523B88CB1F822C0300CB9456 /* Error.swift in Sources */,
				523B88D31F822C0300CB9456 /* QRRSBlock.swift in Sources */,
				523B88E31F822C0300CB9456 /* QRCodeModel.swift in Sources */,
				523B88FB1F822C0300CB9456 /* QRMaskPattern.swift in Sources */,
				523B88F31F822C0300CB9456 /* QR8bitByte.swift in Sources */,
				523B88EB1F822C0300CB9456 /* QRPolynomial.swift in Sources */,
				523B88FF1F822C0300CB9456 /* QRMode.swift in Sources */,
				523B88C71F822C0300CB9456 /* QRCode.swift in Sources */,
				523B88D71F822C0300CB9456 /* QRCodeType.swift in Sources */,
				523B89031F822C0300CB9456 /* QRErrorCorrectLevel.swift in Sources */,
				523B88DB1F822C0300CB9456 /* QRCodeRenderer.swift in Sources */,
				523B88E71F822C0300CB9456 /* QRBitBuffer.swift in Sources */,
				523B88CF1F822C0300CB9456 /* QRPatternLocator.swift in Sources */,
				523B88F71F822C0300CB9456 /* QRMath.swift in Sources */,
			);
			runOnlyForDeploymentPostprocessing = 0;
		};
		5220FD051F81A24F00E22111 /* Sources */ = {
			isa = PBXSourcesBuildPhase;
			buildActionMask = 2147483647;
			files = (
				523B88EE1F822C0300CB9456 /* BCHUtil.swift in Sources */,
				523B88CA1F822C0300CB9456 /* Error.swift in Sources */,
				523B88D21F822C0300CB9456 /* QRRSBlock.swift in Sources */,
				523B88E21F822C0300CB9456 /* QRCodeModel.swift in Sources */,
				523B88FA1F822C0300CB9456 /* QRMaskPattern.swift in Sources */,
				523B88F21F822C0300CB9456 /* QR8bitByte.swift in Sources */,
				523B88EA1F822C0300CB9456 /* QRPolynomial.swift in Sources */,
				523B88FE1F822C0300CB9456 /* QRMode.swift in Sources */,
				523B88C61F822C0300CB9456 /* QRCode.swift in Sources */,
				523B88D61F822C0300CB9456 /* QRCodeType.swift in Sources */,
				523B89021F822C0300CB9456 /* QRErrorCorrectLevel.swift in Sources */,
				523B88DA1F822C0300CB9456 /* QRCodeRenderer.swift in Sources */,
				523B88E61F822C0300CB9456 /* QRBitBuffer.swift in Sources */,
				523B88CE1F822C0300CB9456 /* QRPatternLocator.swift in Sources */,
				523B88F61F822C0300CB9456 /* QRMath.swift in Sources */,
			);
			runOnlyForDeploymentPostprocessing = 0;
		};
		5220FD0E1F81A24F00E22111 /* Sources */ = {
			isa = PBXSourcesBuildPhase;
			buildActionMask = 2147483647;
			files = (
			);
			runOnlyForDeploymentPostprocessing = 0;
		};
		5220FD251F81A40E00E22111 /* Sources */ = {
			isa = PBXSourcesBuildPhase;
			buildActionMask = 2147483647;
			files = (
				523B88ED1F822C0300CB9456 /* BCHUtil.swift in Sources */,
				523B88C91F822C0300CB9456 /* Error.swift in Sources */,
				523B88D11F822C0300CB9456 /* QRRSBlock.swift in Sources */,
				523B88E11F822C0300CB9456 /* QRCodeModel.swift in Sources */,
				523B88F91F822C0300CB9456 /* QRMaskPattern.swift in Sources */,
				523B88F11F822C0300CB9456 /* QR8bitByte.swift in Sources */,
				523B88E91F822C0300CB9456 /* QRPolynomial.swift in Sources */,
				523B88FD1F822C0300CB9456 /* QRMode.swift in Sources */,
				523B88C51F822C0300CB9456 /* QRCode.swift in Sources */,
				523B88D51F822C0300CB9456 /* QRCodeType.swift in Sources */,
				523B89011F822C0300CB9456 /* QRErrorCorrectLevel.swift in Sources */,
				523B88D91F822C0300CB9456 /* QRCodeRenderer.swift in Sources */,
				523B88E51F822C0300CB9456 /* QRBitBuffer.swift in Sources */,
				523B88CD1F822C0300CB9456 /* QRPatternLocator.swift in Sources */,
				523B88F51F822C0300CB9456 /* QRMath.swift in Sources */,
			);
			runOnlyForDeploymentPostprocessing = 0;
		};
		5220FD2E1F81A40F00E22111 /* Sources */ = {
			isa = PBXSourcesBuildPhase;
			buildActionMask = 2147483647;
			files = (
				5220FD431F81A5E000E22111 /* swift_qrcodejsTests_macOS.swift in Sources */,
			);
			runOnlyForDeploymentPostprocessing = 0;
		};
/* End PBXSourcesBuildPhase section */

/* Begin PBXTargetDependency section */
		5220FCEC1F81A15200E22111 /* PBXTargetDependency */ = {
			isa = PBXTargetDependency;
			target = 5220FCE01F81A15100E22111 /* swift-qrcodejs-iOS */;
			targetProxy = 5220FCEB1F81A15200E22111 /* PBXContainerItemProxy */;
		};
		5220FD151F81A24F00E22111 /* PBXTargetDependency */ = {
			isa = PBXTargetDependency;
			target = 5220FD091F81A24F00E22111 /* swift-qrcodejs-tvOS */;
			targetProxy = 5220FD141F81A24F00E22111 /* PBXContainerItemProxy */;
		};
		5220FD351F81A40F00E22111 /* PBXTargetDependency */ = {
			isa = PBXTargetDependency;
			target = 5220FD291F81A40E00E22111 /* swift-qrcodejs-macOS */;
			targetProxy = 5220FD341F81A40F00E22111 /* PBXContainerItemProxy */;
		};
/* End PBXTargetDependency section */

/* Begin XCBuildConfiguration section */
		5220FCF31F81A15200E22111 /* Debug */ = {
			isa = XCBuildConfiguration;
			buildSettings = {
				ALWAYS_SEARCH_USER_PATHS = NO;
				CLANG_ANALYZER_NONNULL = YES;
				CLANG_ANALYZER_NUMBER_OBJECT_CONVERSION = YES_AGGRESSIVE;
				CLANG_CXX_LANGUAGE_STANDARD = "gnu++14";
				CLANG_CXX_LIBRARY = "libc++";
				CLANG_ENABLE_MODULES = YES;
				CLANG_WARN_BLOCK_CAPTURE_AUTORELEASING = YES;
				CLANG_WARN_BOOL_CONVERSION = YES;
				CLANG_WARN_COMMA = YES;
				CLANG_WARN_CONSTANT_CONVERSION = YES;
				CLANG_WARN_DIRECT_OBJC_ISA_USAGE = YES_ERROR;
				CLANG_WARN_DOCUMENTATION_COMMENTS = YES;
				CLANG_WARN_EMPTY_BODY = YES;
				CLANG_WARN_ENUM_CONVERSION = YES;
				CLANG_WARN_INFINITE_RECURSION = YES;
				CLANG_WARN_INT_CONVERSION = YES;
				CLANG_WARN_NON_LITERAL_NULL_CONVERSION = YES;
				CLANG_WARN_OBJC_LITERAL_CONVERSION = YES;
				CLANG_WARN_OBJC_ROOT_CLASS = YES_ERROR;
				CLANG_WARN_RANGE_LOOP_ANALYSIS = YES;
				CLANG_WARN_STRICT_PROTOTYPES = YES;
				CLANG_WARN_SUSPICIOUS_MOVE = YES;
				CLANG_WARN_UNGUARDED_AVAILABILITY = YES_AGGRESSIVE;
				CLANG_WARN_UNREACHABLE_CODE = YES;
				CLANG_WARN__DUPLICATE_METHOD_MATCH = YES;
				CODE_SIGN_IDENTITY = "iPhone Developer";
				CODE_SIGN_STYLE = Automatic;
				CURRENT_PROJECT_VERSION = 1;
				DEFINES_MODULE = YES;
				DYLIB_COMPATIBILITY_VERSION = 1;
				DYLIB_CURRENT_VERSION = 1;
				DYLIB_INSTALL_NAME_BASE = "@rpath";
				ENABLE_STRICT_OBJC_MSGSEND = YES;
				ENABLE_TESTABILITY = YES;
				GCC_C_LANGUAGE_STANDARD = gnu11;
				GCC_DYNAMIC_NO_PIC = NO;
				GCC_NO_COMMON_BLOCKS = YES;
				GCC_PREPROCESSOR_DEFINITIONS = (
					"DEBUG=1",
					"$(inherited)",
				);
				GCC_WARN_64_TO_32_BIT_CONVERSION = YES;
				GCC_WARN_ABOUT_RETURN_TYPE = YES_ERROR;
				GCC_WARN_UNDECLARED_SELECTOR = YES;
				GCC_WARN_UNINITIALIZED_AUTOS = YES_AGGRESSIVE;
				GCC_WARN_UNUSED_FUNCTION = YES;
				GCC_WARN_UNUSED_VARIABLE = YES;
				INFOPLIST_FILE = Sources/Info.plist;
				INSTALL_PATH = "$(LOCAL_LIBRARY_DIR)/Frameworks";
				IPHONEOS_DEPLOYMENT_TARGET = 11.0;
				LD_RUNPATH_SEARCH_PATHS = "$(inherited) @executable_path/Frameworks @loader_path/Frameworks";
				MTL_ENABLE_DEBUG_INFO = YES;
				PRODUCT_BUNDLE_IDENTIFIER = "io.github.apollozhu.swift-qrcodejs-iOS";
				PRODUCT_NAME = "$(TARGET_NAME:c99extidentifier)";
				SDKROOT = iphoneos;
				SKIP_INSTALL = YES;
				SWIFT_ACTIVE_COMPILATION_CONDITIONS = DEBUG;
				SWIFT_OPTIMIZATION_LEVEL = "-Onone";
				SWIFT_VERSION = 4.0;
				TARGETED_DEVICE_FAMILY = "1,2";
				VERSIONING_SYSTEM = "apple-generic";
				VERSION_INFO_PREFIX = "";
			};
			name = Debug;
		};
		5220FCF41F81A15200E22111 /* Release */ = {
			isa = XCBuildConfiguration;
			buildSettings = {
				ALWAYS_SEARCH_USER_PATHS = NO;
				CLANG_ANALYZER_NONNULL = YES;
				CLANG_ANALYZER_NUMBER_OBJECT_CONVERSION = YES_AGGRESSIVE;
				CLANG_CXX_LANGUAGE_STANDARD = "gnu++14";
				CLANG_CXX_LIBRARY = "libc++";
				CLANG_ENABLE_MODULES = YES;
				CLANG_WARN_BLOCK_CAPTURE_AUTORELEASING = YES;
				CLANG_WARN_BOOL_CONVERSION = YES;
				CLANG_WARN_COMMA = YES;
				CLANG_WARN_CONSTANT_CONVERSION = YES;
				CLANG_WARN_DIRECT_OBJC_ISA_USAGE = YES_ERROR;
				CLANG_WARN_DOCUMENTATION_COMMENTS = YES;
				CLANG_WARN_EMPTY_BODY = YES;
				CLANG_WARN_ENUM_CONVERSION = YES;
				CLANG_WARN_INFINITE_RECURSION = YES;
				CLANG_WARN_INT_CONVERSION = YES;
				CLANG_WARN_NON_LITERAL_NULL_CONVERSION = YES;
				CLANG_WARN_OBJC_LITERAL_CONVERSION = YES;
				CLANG_WARN_OBJC_ROOT_CLASS = YES_ERROR;
				CLANG_WARN_RANGE_LOOP_ANALYSIS = YES;
				CLANG_WARN_STRICT_PROTOTYPES = YES;
				CLANG_WARN_SUSPICIOUS_MOVE = YES;
				CLANG_WARN_UNGUARDED_AVAILABILITY = YES_AGGRESSIVE;
				CLANG_WARN_UNREACHABLE_CODE = YES;
				CLANG_WARN__DUPLICATE_METHOD_MATCH = YES;
				CODE_SIGN_IDENTITY = "iPhone Developer";
				CODE_SIGN_STYLE = Automatic;
				COPY_PHASE_STRIP = NO;
				CURRENT_PROJECT_VERSION = 1;
				DEFINES_MODULE = YES;
				DYLIB_COMPATIBILITY_VERSION = 1;
				DYLIB_CURRENT_VERSION = 1;
				DYLIB_INSTALL_NAME_BASE = "@rpath";
				ENABLE_NS_ASSERTIONS = NO;
				ENABLE_STRICT_OBJC_MSGSEND = YES;
				GCC_C_LANGUAGE_STANDARD = gnu11;
				GCC_NO_COMMON_BLOCKS = YES;
				GCC_WARN_64_TO_32_BIT_CONVERSION = YES;
				GCC_WARN_ABOUT_RETURN_TYPE = YES_ERROR;
				GCC_WARN_UNDECLARED_SELECTOR = YES;
				GCC_WARN_UNINITIALIZED_AUTOS = YES_AGGRESSIVE;
				GCC_WARN_UNUSED_FUNCTION = YES;
				GCC_WARN_UNUSED_VARIABLE = YES;
				INFOPLIST_FILE = Sources/Info.plist;
				INSTALL_PATH = "$(LOCAL_LIBRARY_DIR)/Frameworks";
				IPHONEOS_DEPLOYMENT_TARGET = 11.0;
				LD_RUNPATH_SEARCH_PATHS = "$(inherited) @executable_path/Frameworks @loader_path/Frameworks";
				MTL_ENABLE_DEBUG_INFO = NO;
				PRODUCT_BUNDLE_IDENTIFIER = "io.github.apollozhu.swift-qrcodejs-iOS";
				PRODUCT_NAME = "$(TARGET_NAME:c99extidentifier)";
				SDKROOT = iphoneos;
				SKIP_INSTALL = YES;
				SWIFT_VERSION = 4.0;
				TARGETED_DEVICE_FAMILY = "1,2";
				VALIDATE_PRODUCT = YES;
				VERSIONING_SYSTEM = "apple-generic";
				VERSION_INFO_PREFIX = "";
			};
			name = Release;
		};
		5220FCF61F81A15200E22111 /* Debug */ = {
			isa = XCBuildConfiguration;
			buildSettings = {
				ALWAYS_EMBED_SWIFT_STANDARD_LIBRARIES = YES;
				ALWAYS_SEARCH_USER_PATHS = NO;
				CLANG_ANALYZER_NONNULL = YES;
				CLANG_ANALYZER_NUMBER_OBJECT_CONVERSION = YES_AGGRESSIVE;
				CLANG_CXX_LANGUAGE_STANDARD = "gnu++14";
				CLANG_CXX_LIBRARY = "libc++";
				CLANG_ENABLE_MODULES = YES;
				CLANG_WARN_BLOCK_CAPTURE_AUTORELEASING = YES;
				CLANG_WARN_BOOL_CONVERSION = YES;
				CLANG_WARN_COMMA = YES;
				CLANG_WARN_CONSTANT_CONVERSION = YES;
				CLANG_WARN_DIRECT_OBJC_ISA_USAGE = YES_ERROR;
				CLANG_WARN_DOCUMENTATION_COMMENTS = YES;
				CLANG_WARN_EMPTY_BODY = YES;
				CLANG_WARN_ENUM_CONVERSION = YES;
				CLANG_WARN_INFINITE_RECURSION = YES;
				CLANG_WARN_INT_CONVERSION = YES;
				CLANG_WARN_NON_LITERAL_NULL_CONVERSION = YES;
				CLANG_WARN_OBJC_LITERAL_CONVERSION = YES;
				CLANG_WARN_OBJC_ROOT_CLASS = YES_ERROR;
				CLANG_WARN_RANGE_LOOP_ANALYSIS = YES;
				CLANG_WARN_STRICT_PROTOTYPES = YES;
				CLANG_WARN_SUSPICIOUS_MOVE = YES;
				CLANG_WARN_UNGUARDED_AVAILABILITY = YES_AGGRESSIVE;
				CLANG_WARN_UNREACHABLE_CODE = YES;
				CLANG_WARN__DUPLICATE_METHOD_MATCH = YES;
				CODE_SIGN_IDENTITY = "iPhone Developer";
				CODE_SIGN_STYLE = Automatic;
				ENABLE_STRICT_OBJC_MSGSEND = YES;
				ENABLE_TESTABILITY = YES;
				GCC_C_LANGUAGE_STANDARD = gnu11;
				GCC_DYNAMIC_NO_PIC = NO;
				GCC_NO_COMMON_BLOCKS = YES;
				GCC_PREPROCESSOR_DEFINITIONS = (
					"DEBUG=1",
					"$(inherited)",
				);
				GCC_WARN_64_TO_32_BIT_CONVERSION = YES;
				GCC_WARN_ABOUT_RETURN_TYPE = YES_ERROR;
				GCC_WARN_UNDECLARED_SELECTOR = YES;
				GCC_WARN_UNINITIALIZED_AUTOS = YES_AGGRESSIVE;
				GCC_WARN_UNUSED_FUNCTION = YES;
				GCC_WARN_UNUSED_VARIABLE = YES;
				INFOPLIST_FILE = "swift-qrcodejsTests-iOS/Info.plist";
				IPHONEOS_DEPLOYMENT_TARGET = 11.0;
				LD_RUNPATH_SEARCH_PATHS = "$(inherited) @executable_path/Frameworks @loader_path/Frameworks";
				MTL_ENABLE_DEBUG_INFO = YES;
				PRODUCT_BUNDLE_IDENTIFIER = "io.github.apollozhu.swift-qrcodejs-iOSTests";
				PRODUCT_NAME = "$(TARGET_NAME)";
				SDKROOT = iphoneos;
				SWIFT_ACTIVE_COMPILATION_CONDITIONS = DEBUG;
				SWIFT_VERSION = 4.0;
				TARGETED_DEVICE_FAMILY = "1,2";
			};
			name = Debug;
		};
		5220FCF71F81A15200E22111 /* Release */ = {
			isa = XCBuildConfiguration;
			buildSettings = {
				ALWAYS_EMBED_SWIFT_STANDARD_LIBRARIES = YES;
				ALWAYS_SEARCH_USER_PATHS = NO;
				CLANG_ANALYZER_NONNULL = YES;
				CLANG_ANALYZER_NUMBER_OBJECT_CONVERSION = YES_AGGRESSIVE;
				CLANG_CXX_LANGUAGE_STANDARD = "gnu++14";
				CLANG_CXX_LIBRARY = "libc++";
				CLANG_ENABLE_MODULES = YES;
				CLANG_WARN_BLOCK_CAPTURE_AUTORELEASING = YES;
				CLANG_WARN_BOOL_CONVERSION = YES;
				CLANG_WARN_COMMA = YES;
				CLANG_WARN_CONSTANT_CONVERSION = YES;
				CLANG_WARN_DIRECT_OBJC_ISA_USAGE = YES_ERROR;
				CLANG_WARN_DOCUMENTATION_COMMENTS = YES;
				CLANG_WARN_EMPTY_BODY = YES;
				CLANG_WARN_ENUM_CONVERSION = YES;
				CLANG_WARN_INFINITE_RECURSION = YES;
				CLANG_WARN_INT_CONVERSION = YES;
				CLANG_WARN_NON_LITERAL_NULL_CONVERSION = YES;
				CLANG_WARN_OBJC_LITERAL_CONVERSION = YES;
				CLANG_WARN_OBJC_ROOT_CLASS = YES_ERROR;
				CLANG_WARN_RANGE_LOOP_ANALYSIS = YES;
				CLANG_WARN_STRICT_PROTOTYPES = YES;
				CLANG_WARN_SUSPICIOUS_MOVE = YES;
				CLANG_WARN_UNGUARDED_AVAILABILITY = YES_AGGRESSIVE;
				CLANG_WARN_UNREACHABLE_CODE = YES;
				CLANG_WARN__DUPLICATE_METHOD_MATCH = YES;
				CODE_SIGN_IDENTITY = "iPhone Developer";
				CODE_SIGN_STYLE = Automatic;
				COPY_PHASE_STRIP = NO;
				ENABLE_NS_ASSERTIONS = NO;
				ENABLE_STRICT_OBJC_MSGSEND = YES;
				GCC_C_LANGUAGE_STANDARD = gnu11;
				GCC_NO_COMMON_BLOCKS = YES;
				GCC_WARN_64_TO_32_BIT_CONVERSION = YES;
				GCC_WARN_ABOUT_RETURN_TYPE = YES_ERROR;
				GCC_WARN_UNDECLARED_SELECTOR = YES;
				GCC_WARN_UNINITIALIZED_AUTOS = YES_AGGRESSIVE;
				GCC_WARN_UNUSED_FUNCTION = YES;
				GCC_WARN_UNUSED_VARIABLE = YES;
				INFOPLIST_FILE = "swift-qrcodejsTests-iOS/Info.plist";
				IPHONEOS_DEPLOYMENT_TARGET = 11.0;
				LD_RUNPATH_SEARCH_PATHS = "$(inherited) @executable_path/Frameworks @loader_path/Frameworks";
				MTL_ENABLE_DEBUG_INFO = NO;
				PRODUCT_BUNDLE_IDENTIFIER = "io.github.apollozhu.swift-qrcodejs-iOSTests";
				PRODUCT_NAME = "$(TARGET_NAME)";
				SDKROOT = iphoneos;
				SWIFT_VERSION = 4.0;
				TARGETED_DEVICE_FAMILY = "1,2";
				VALIDATE_PRODUCT = YES;
			};
			name = Release;
		};
		5220FD031F81A1EB00E22111 /* Debug */ = {
			isa = XCBuildConfiguration;
			buildSettings = {
				ALWAYS_SEARCH_USER_PATHS = NO;
				APPLICATION_EXTENSION_API_ONLY = YES;
				CLANG_ANALYZER_NONNULL = YES;
				CLANG_ANALYZER_NUMBER_OBJECT_CONVERSION = YES_AGGRESSIVE;
				CLANG_CXX_LANGUAGE_STANDARD = "gnu++14";
				CLANG_CXX_LIBRARY = "libc++";
				CLANG_ENABLE_MODULES = YES;
				CLANG_WARN_BLOCK_CAPTURE_AUTORELEASING = YES;
				CLANG_WARN_BOOL_CONVERSION = YES;
				CLANG_WARN_COMMA = YES;
				CLANG_WARN_CONSTANT_CONVERSION = YES;
				CLANG_WARN_DIRECT_OBJC_ISA_USAGE = YES_ERROR;
				CLANG_WARN_DOCUMENTATION_COMMENTS = YES;
				CLANG_WARN_EMPTY_BODY = YES;
				CLANG_WARN_ENUM_CONVERSION = YES;
				CLANG_WARN_INFINITE_RECURSION = YES;
				CLANG_WARN_INT_CONVERSION = YES;
				CLANG_WARN_NON_LITERAL_NULL_CONVERSION = YES;
				CLANG_WARN_OBJC_LITERAL_CONVERSION = YES;
				CLANG_WARN_OBJC_ROOT_CLASS = YES_ERROR;
				CLANG_WARN_RANGE_LOOP_ANALYSIS = YES;
				CLANG_WARN_STRICT_PROTOTYPES = YES;
				CLANG_WARN_SUSPICIOUS_MOVE = YES;
				CLANG_WARN_UNGUARDED_AVAILABILITY = YES_AGGRESSIVE;
				CLANG_WARN_UNREACHABLE_CODE = YES;
				CLANG_WARN__DUPLICATE_METHOD_MATCH = YES;
				CODE_SIGN_IDENTITY = "";
				CODE_SIGN_STYLE = Automatic;
				CURRENT_PROJECT_VERSION = 1;
				DEFINES_MODULE = YES;
				DYLIB_COMPATIBILITY_VERSION = 1;
				DYLIB_CURRENT_VERSION = 1;
				DYLIB_INSTALL_NAME_BASE = "@rpath";
				ENABLE_STRICT_OBJC_MSGSEND = YES;
				ENABLE_TESTABILITY = YES;
				GCC_C_LANGUAGE_STANDARD = gnu11;
				GCC_DYNAMIC_NO_PIC = NO;
				GCC_NO_COMMON_BLOCKS = YES;
				GCC_PREPROCESSOR_DEFINITIONS = (
					"DEBUG=1",
					"$(inherited)",
				);
				GCC_WARN_64_TO_32_BIT_CONVERSION = YES;
				GCC_WARN_ABOUT_RETURN_TYPE = YES_ERROR;
				GCC_WARN_UNDECLARED_SELECTOR = YES;
				GCC_WARN_UNINITIALIZED_AUTOS = YES_AGGRESSIVE;
				GCC_WARN_UNUSED_FUNCTION = YES;
				GCC_WARN_UNUSED_VARIABLE = YES;
				INFOPLIST_FILE = Sources/Info.plist;
				INSTALL_PATH = "$(LOCAL_LIBRARY_DIR)/Frameworks";
				LD_RUNPATH_SEARCH_PATHS = "$(inherited) @executable_path/Frameworks @loader_path/Frameworks";
				MTL_ENABLE_DEBUG_INFO = YES;
				PRODUCT_BUNDLE_IDENTIFIER = "io.github.apollozhu.swift-qrcodejs-watchOS";
				PRODUCT_NAME = "$(TARGET_NAME:c99extidentifier)";
				SDKROOT = watchos;
				SKIP_INSTALL = YES;
				SWIFT_ACTIVE_COMPILATION_CONDITIONS = DEBUG;
				SWIFT_OBJC_BRIDGING_HEADER = "";
				SWIFT_OPTIMIZATION_LEVEL = "-Onone";
				SWIFT_VERSION = 4.0;
				TARGETED_DEVICE_FAMILY = 4;
				VERSIONING_SYSTEM = "apple-generic";
				VERSION_INFO_PREFIX = "";
				WATCHOS_DEPLOYMENT_TARGET = 4.0;
			};
			name = Debug;
		};
		5220FD041F81A1EB00E22111 /* Release */ = {
			isa = XCBuildConfiguration;
			buildSettings = {
				ALWAYS_SEARCH_USER_PATHS = NO;
				APPLICATION_EXTENSION_API_ONLY = YES;
				CLANG_ANALYZER_NONNULL = YES;
				CLANG_ANALYZER_NUMBER_OBJECT_CONVERSION = YES_AGGRESSIVE;
				CLANG_CXX_LANGUAGE_STANDARD = "gnu++14";
				CLANG_CXX_LIBRARY = "libc++";
				CLANG_ENABLE_MODULES = YES;
				CLANG_WARN_BLOCK_CAPTURE_AUTORELEASING = YES;
				CLANG_WARN_BOOL_CONVERSION = YES;
				CLANG_WARN_COMMA = YES;
				CLANG_WARN_CONSTANT_CONVERSION = YES;
				CLANG_WARN_DIRECT_OBJC_ISA_USAGE = YES_ERROR;
				CLANG_WARN_DOCUMENTATION_COMMENTS = YES;
				CLANG_WARN_EMPTY_BODY = YES;
				CLANG_WARN_ENUM_CONVERSION = YES;
				CLANG_WARN_INFINITE_RECURSION = YES;
				CLANG_WARN_INT_CONVERSION = YES;
				CLANG_WARN_NON_LITERAL_NULL_CONVERSION = YES;
				CLANG_WARN_OBJC_LITERAL_CONVERSION = YES;
				CLANG_WARN_OBJC_ROOT_CLASS = YES_ERROR;
				CLANG_WARN_RANGE_LOOP_ANALYSIS = YES;
				CLANG_WARN_STRICT_PROTOTYPES = YES;
				CLANG_WARN_SUSPICIOUS_MOVE = YES;
				CLANG_WARN_UNGUARDED_AVAILABILITY = YES_AGGRESSIVE;
				CLANG_WARN_UNREACHABLE_CODE = YES;
				CLANG_WARN__DUPLICATE_METHOD_MATCH = YES;
				CODE_SIGN_IDENTITY = "";
				CODE_SIGN_STYLE = Automatic;
				COPY_PHASE_STRIP = NO;
				CURRENT_PROJECT_VERSION = 1;
				DEFINES_MODULE = YES;
				DYLIB_COMPATIBILITY_VERSION = 1;
				DYLIB_CURRENT_VERSION = 1;
				DYLIB_INSTALL_NAME_BASE = "@rpath";
				ENABLE_NS_ASSERTIONS = NO;
				ENABLE_STRICT_OBJC_MSGSEND = YES;
				GCC_C_LANGUAGE_STANDARD = gnu11;
				GCC_NO_COMMON_BLOCKS = YES;
				GCC_WARN_64_TO_32_BIT_CONVERSION = YES;
				GCC_WARN_ABOUT_RETURN_TYPE = YES_ERROR;
				GCC_WARN_UNDECLARED_SELECTOR = YES;
				GCC_WARN_UNINITIALIZED_AUTOS = YES_AGGRESSIVE;
				GCC_WARN_UNUSED_FUNCTION = YES;
				GCC_WARN_UNUSED_VARIABLE = YES;
				INFOPLIST_FILE = Sources/Info.plist;
				INSTALL_PATH = "$(LOCAL_LIBRARY_DIR)/Frameworks";
				LD_RUNPATH_SEARCH_PATHS = "$(inherited) @executable_path/Frameworks @loader_path/Frameworks";
				MTL_ENABLE_DEBUG_INFO = NO;
				PRODUCT_BUNDLE_IDENTIFIER = "io.github.apollozhu.swift-qrcodejs-watchOS";
				PRODUCT_NAME = "$(TARGET_NAME:c99extidentifier)";
				SDKROOT = watchos;
				SKIP_INSTALL = YES;
				SWIFT_OBJC_BRIDGING_HEADER = "";
				SWIFT_VERSION = 4.0;
				TARGETED_DEVICE_FAMILY = 4;
				VALIDATE_PRODUCT = YES;
				VERSIONING_SYSTEM = "apple-generic";
				VERSION_INFO_PREFIX = "";
				WATCHOS_DEPLOYMENT_TARGET = 4.0;
			};
			name = Release;
		};
		5220FD1C1F81A24F00E22111 /* Debug */ = {
			isa = XCBuildConfiguration;
			buildSettings = {
				ALWAYS_SEARCH_USER_PATHS = NO;
				CLANG_ANALYZER_NONNULL = YES;
				CLANG_ANALYZER_NUMBER_OBJECT_CONVERSION = YES_AGGRESSIVE;
				CLANG_CXX_LANGUAGE_STANDARD = "gnu++14";
				CLANG_CXX_LIBRARY = "libc++";
				CLANG_ENABLE_MODULES = YES;
				CLANG_WARN_BLOCK_CAPTURE_AUTORELEASING = YES;
				CLANG_WARN_BOOL_CONVERSION = YES;
				CLANG_WARN_COMMA = YES;
				CLANG_WARN_CONSTANT_CONVERSION = YES;
				CLANG_WARN_DIRECT_OBJC_ISA_USAGE = YES_ERROR;
				CLANG_WARN_DOCUMENTATION_COMMENTS = YES;
				CLANG_WARN_EMPTY_BODY = YES;
				CLANG_WARN_ENUM_CONVERSION = YES;
				CLANG_WARN_INFINITE_RECURSION = YES;
				CLANG_WARN_INT_CONVERSION = YES;
				CLANG_WARN_NON_LITERAL_NULL_CONVERSION = YES;
				CLANG_WARN_OBJC_LITERAL_CONVERSION = YES;
				CLANG_WARN_OBJC_ROOT_CLASS = YES_ERROR;
				CLANG_WARN_RANGE_LOOP_ANALYSIS = YES;
				CLANG_WARN_STRICT_PROTOTYPES = YES;
				CLANG_WARN_SUSPICIOUS_MOVE = YES;
				CLANG_WARN_UNGUARDED_AVAILABILITY = YES_AGGRESSIVE;
				CLANG_WARN_UNREACHABLE_CODE = YES;
				CLANG_WARN__DUPLICATE_METHOD_MATCH = YES;
				CODE_SIGN_IDENTITY = "";
				CODE_SIGN_STYLE = Automatic;
				CURRENT_PROJECT_VERSION = 1;
				DEFINES_MODULE = YES;
				DYLIB_COMPATIBILITY_VERSION = 1;
				DYLIB_CURRENT_VERSION = 1;
				DYLIB_INSTALL_NAME_BASE = "@rpath";
				ENABLE_STRICT_OBJC_MSGSEND = YES;
				ENABLE_TESTABILITY = YES;
				GCC_C_LANGUAGE_STANDARD = gnu11;
				GCC_DYNAMIC_NO_PIC = NO;
				GCC_NO_COMMON_BLOCKS = YES;
				GCC_PREPROCESSOR_DEFINITIONS = (
					"DEBUG=1",
					"$(inherited)",
				);
				GCC_WARN_64_TO_32_BIT_CONVERSION = YES;
				GCC_WARN_ABOUT_RETURN_TYPE = YES_ERROR;
				GCC_WARN_UNDECLARED_SELECTOR = YES;
				GCC_WARN_UNINITIALIZED_AUTOS = YES_AGGRESSIVE;
				GCC_WARN_UNUSED_FUNCTION = YES;
				GCC_WARN_UNUSED_VARIABLE = YES;
				INFOPLIST_FILE = Sources/Info.plist;
				INSTALL_PATH = "$(LOCAL_LIBRARY_DIR)/Frameworks";
				LD_RUNPATH_SEARCH_PATHS = "$(inherited) @executable_path/Frameworks @loader_path/Frameworks";
				MTL_ENABLE_DEBUG_INFO = YES;
				PRODUCT_BUNDLE_IDENTIFIER = "io.github.apollozhu.swift-qrcodejs-tvOS";
				PRODUCT_NAME = "$(TARGET_NAME:c99extidentifier)";
				SDKROOT = appletvos;
				SKIP_INSTALL = YES;
				SWIFT_ACTIVE_COMPILATION_CONDITIONS = DEBUG;
				SWIFT_OPTIMIZATION_LEVEL = "-Onone";
				SWIFT_VERSION = 4.0;
				TARGETED_DEVICE_FAMILY = 3;
				TVOS_DEPLOYMENT_TARGET = 11.0;
				VERSIONING_SYSTEM = "apple-generic";
				VERSION_INFO_PREFIX = "";
			};
			name = Debug;
		};
		5220FD1D1F81A24F00E22111 /* Release */ = {
			isa = XCBuildConfiguration;
			buildSettings = {
				ALWAYS_SEARCH_USER_PATHS = NO;
				CLANG_ANALYZER_NONNULL = YES;
				CLANG_ANALYZER_NUMBER_OBJECT_CONVERSION = YES_AGGRESSIVE;
				CLANG_CXX_LANGUAGE_STANDARD = "gnu++14";
				CLANG_CXX_LIBRARY = "libc++";
				CLANG_ENABLE_MODULES = YES;
				CLANG_WARN_BLOCK_CAPTURE_AUTORELEASING = YES;
				CLANG_WARN_BOOL_CONVERSION = YES;
				CLANG_WARN_COMMA = YES;
				CLANG_WARN_CONSTANT_CONVERSION = YES;
				CLANG_WARN_DIRECT_OBJC_ISA_USAGE = YES_ERROR;
				CLANG_WARN_DOCUMENTATION_COMMENTS = YES;
				CLANG_WARN_EMPTY_BODY = YES;
				CLANG_WARN_ENUM_CONVERSION = YES;
				CLANG_WARN_INFINITE_RECURSION = YES;
				CLANG_WARN_INT_CONVERSION = YES;
				CLANG_WARN_NON_LITERAL_NULL_CONVERSION = YES;
				CLANG_WARN_OBJC_LITERAL_CONVERSION = YES;
				CLANG_WARN_OBJC_ROOT_CLASS = YES_ERROR;
				CLANG_WARN_RANGE_LOOP_ANALYSIS = YES;
				CLANG_WARN_STRICT_PROTOTYPES = YES;
				CLANG_WARN_SUSPICIOUS_MOVE = YES;
				CLANG_WARN_UNGUARDED_AVAILABILITY = YES_AGGRESSIVE;
				CLANG_WARN_UNREACHABLE_CODE = YES;
				CLANG_WARN__DUPLICATE_METHOD_MATCH = YES;
				CODE_SIGN_IDENTITY = "";
				CODE_SIGN_STYLE = Automatic;
				COPY_PHASE_STRIP = NO;
				CURRENT_PROJECT_VERSION = 1;
				DEFINES_MODULE = YES;
				DYLIB_COMPATIBILITY_VERSION = 1;
				DYLIB_CURRENT_VERSION = 1;
				DYLIB_INSTALL_NAME_BASE = "@rpath";
				ENABLE_NS_ASSERTIONS = NO;
				ENABLE_STRICT_OBJC_MSGSEND = YES;
				GCC_C_LANGUAGE_STANDARD = gnu11;
				GCC_NO_COMMON_BLOCKS = YES;
				GCC_WARN_64_TO_32_BIT_CONVERSION = YES;
				GCC_WARN_ABOUT_RETURN_TYPE = YES_ERROR;
				GCC_WARN_UNDECLARED_SELECTOR = YES;
				GCC_WARN_UNINITIALIZED_AUTOS = YES_AGGRESSIVE;
				GCC_WARN_UNUSED_FUNCTION = YES;
				GCC_WARN_UNUSED_VARIABLE = YES;
				INFOPLIST_FILE = Sources/Info.plist;
				INSTALL_PATH = "$(LOCAL_LIBRARY_DIR)/Frameworks";
				LD_RUNPATH_SEARCH_PATHS = "$(inherited) @executable_path/Frameworks @loader_path/Frameworks";
				MTL_ENABLE_DEBUG_INFO = NO;
				PRODUCT_BUNDLE_IDENTIFIER = "io.github.apollozhu.swift-qrcodejs-tvOS";
				PRODUCT_NAME = "$(TARGET_NAME:c99extidentifier)";
				SDKROOT = appletvos;
				SKIP_INSTALL = YES;
				SWIFT_VERSION = 4.0;
				TARGETED_DEVICE_FAMILY = 3;
				TVOS_DEPLOYMENT_TARGET = 11.0;
				VALIDATE_PRODUCT = YES;
				VERSIONING_SYSTEM = "apple-generic";
				VERSION_INFO_PREFIX = "";
			};
			name = Release;
		};
		5220FD1F1F81A24F00E22111 /* Debug */ = {
			isa = XCBuildConfiguration;
			buildSettings = {
				ALWAYS_EMBED_SWIFT_STANDARD_LIBRARIES = YES;
				ALWAYS_SEARCH_USER_PATHS = NO;
				CLANG_ANALYZER_NONNULL = YES;
				CLANG_ANALYZER_NUMBER_OBJECT_CONVERSION = YES_AGGRESSIVE;
				CLANG_CXX_LANGUAGE_STANDARD = "gnu++14";
				CLANG_CXX_LIBRARY = "libc++";
				CLANG_ENABLE_MODULES = YES;
				CLANG_WARN_BLOCK_CAPTURE_AUTORELEASING = YES;
				CLANG_WARN_BOOL_CONVERSION = YES;
				CLANG_WARN_COMMA = YES;
				CLANG_WARN_CONSTANT_CONVERSION = YES;
				CLANG_WARN_DIRECT_OBJC_ISA_USAGE = YES_ERROR;
				CLANG_WARN_DOCUMENTATION_COMMENTS = YES;
				CLANG_WARN_EMPTY_BODY = YES;
				CLANG_WARN_ENUM_CONVERSION = YES;
				CLANG_WARN_INFINITE_RECURSION = YES;
				CLANG_WARN_INT_CONVERSION = YES;
				CLANG_WARN_NON_LITERAL_NULL_CONVERSION = YES;
				CLANG_WARN_OBJC_LITERAL_CONVERSION = YES;
				CLANG_WARN_OBJC_ROOT_CLASS = YES_ERROR;
				CLANG_WARN_RANGE_LOOP_ANALYSIS = YES;
				CLANG_WARN_STRICT_PROTOTYPES = YES;
				CLANG_WARN_SUSPICIOUS_MOVE = YES;
				CLANG_WARN_UNGUARDED_AVAILABILITY = YES_AGGRESSIVE;
				CLANG_WARN_UNREACHABLE_CODE = YES;
				CLANG_WARN__DUPLICATE_METHOD_MATCH = YES;
				CODE_SIGN_STYLE = Automatic;
				ENABLE_STRICT_OBJC_MSGSEND = YES;
				ENABLE_TESTABILITY = YES;
				GCC_C_LANGUAGE_STANDARD = gnu11;
				GCC_DYNAMIC_NO_PIC = NO;
				GCC_NO_COMMON_BLOCKS = YES;
				GCC_PREPROCESSOR_DEFINITIONS = (
					"DEBUG=1",
					"$(inherited)",
				);
				GCC_WARN_64_TO_32_BIT_CONVERSION = YES;
				GCC_WARN_ABOUT_RETURN_TYPE = YES_ERROR;
				GCC_WARN_UNDECLARED_SELECTOR = YES;
				GCC_WARN_UNINITIALIZED_AUTOS = YES_AGGRESSIVE;
				GCC_WARN_UNUSED_FUNCTION = YES;
				GCC_WARN_UNUSED_VARIABLE = YES;
				INFOPLIST_FILE = "swift-qrcodejsTests-tvOS/Info.plist";
				LD_RUNPATH_SEARCH_PATHS = "$(inherited) @executable_path/Frameworks @loader_path/Frameworks";
				MTL_ENABLE_DEBUG_INFO = YES;
				PRODUCT_BUNDLE_IDENTIFIER = "io.github.apollozhu.swift-qrcodejs-tvOSTests";
				PRODUCT_NAME = "$(TARGET_NAME)";
				SDKROOT = appletvos;
				SWIFT_ACTIVE_COMPILATION_CONDITIONS = DEBUG;
				SWIFT_VERSION = 4.0;
				TARGETED_DEVICE_FAMILY = 3;
				TVOS_DEPLOYMENT_TARGET = 11.0;
			};
			name = Debug;
		};
		5220FD201F81A24F00E22111 /* Release */ = {
			isa = XCBuildConfiguration;
			buildSettings = {
				ALWAYS_EMBED_SWIFT_STANDARD_LIBRARIES = YES;
				ALWAYS_SEARCH_USER_PATHS = NO;
				CLANG_ANALYZER_NONNULL = YES;
				CLANG_ANALYZER_NUMBER_OBJECT_CONVERSION = YES_AGGRESSIVE;
				CLANG_CXX_LANGUAGE_STANDARD = "gnu++14";
				CLANG_CXX_LIBRARY = "libc++";
				CLANG_ENABLE_MODULES = YES;
				CLANG_WARN_BLOCK_CAPTURE_AUTORELEASING = YES;
				CLANG_WARN_BOOL_CONVERSION = YES;
				CLANG_WARN_COMMA = YES;
				CLANG_WARN_CONSTANT_CONVERSION = YES;
				CLANG_WARN_DIRECT_OBJC_ISA_USAGE = YES_ERROR;
				CLANG_WARN_DOCUMENTATION_COMMENTS = YES;
				CLANG_WARN_EMPTY_BODY = YES;
				CLANG_WARN_ENUM_CONVERSION = YES;
				CLANG_WARN_INFINITE_RECURSION = YES;
				CLANG_WARN_INT_CONVERSION = YES;
				CLANG_WARN_NON_LITERAL_NULL_CONVERSION = YES;
				CLANG_WARN_OBJC_LITERAL_CONVERSION = YES;
				CLANG_WARN_OBJC_ROOT_CLASS = YES_ERROR;
				CLANG_WARN_RANGE_LOOP_ANALYSIS = YES;
				CLANG_WARN_STRICT_PROTOTYPES = YES;
				CLANG_WARN_SUSPICIOUS_MOVE = YES;
				CLANG_WARN_UNGUARDED_AVAILABILITY = YES_AGGRESSIVE;
				CLANG_WARN_UNREACHABLE_CODE = YES;
				CLANG_WARN__DUPLICATE_METHOD_MATCH = YES;
				CODE_SIGN_STYLE = Automatic;
				COPY_PHASE_STRIP = NO;
				ENABLE_NS_ASSERTIONS = NO;
				ENABLE_STRICT_OBJC_MSGSEND = YES;
				GCC_C_LANGUAGE_STANDARD = gnu11;
				GCC_NO_COMMON_BLOCKS = YES;
				GCC_WARN_64_TO_32_BIT_CONVERSION = YES;
				GCC_WARN_ABOUT_RETURN_TYPE = YES_ERROR;
				GCC_WARN_UNDECLARED_SELECTOR = YES;
				GCC_WARN_UNINITIALIZED_AUTOS = YES_AGGRESSIVE;
				GCC_WARN_UNUSED_FUNCTION = YES;
				GCC_WARN_UNUSED_VARIABLE = YES;
				INFOPLIST_FILE = "swift-qrcodejsTests-tvOS/Info.plist";
				LD_RUNPATH_SEARCH_PATHS = "$(inherited) @executable_path/Frameworks @loader_path/Frameworks";
				MTL_ENABLE_DEBUG_INFO = NO;
				PRODUCT_BUNDLE_IDENTIFIER = "io.github.apollozhu.swift-qrcodejs-tvOSTests";
				PRODUCT_NAME = "$(TARGET_NAME)";
				SDKROOT = appletvos;
				SWIFT_VERSION = 4.0;
				TARGETED_DEVICE_FAMILY = 3;
				TVOS_DEPLOYMENT_TARGET = 11.0;
				VALIDATE_PRODUCT = YES;
			};
			name = Release;
		};
		5220FD3C1F81A41000E22111 /* Debug */ = {
			isa = XCBuildConfiguration;
			buildSettings = {
				ALWAYS_SEARCH_USER_PATHS = NO;
				CLANG_ANALYZER_NONNULL = YES;
				CLANG_ANALYZER_NUMBER_OBJECT_CONVERSION = YES_AGGRESSIVE;
				CLANG_CXX_LANGUAGE_STANDARD = "gnu++14";
				CLANG_CXX_LIBRARY = "libc++";
				CLANG_ENABLE_MODULES = YES;
				CLANG_WARN_BLOCK_CAPTURE_AUTORELEASING = YES;
				CLANG_WARN_BOOL_CONVERSION = YES;
				CLANG_WARN_COMMA = YES;
				CLANG_WARN_CONSTANT_CONVERSION = YES;
				CLANG_WARN_DIRECT_OBJC_ISA_USAGE = YES_ERROR;
				CLANG_WARN_DOCUMENTATION_COMMENTS = YES;
				CLANG_WARN_EMPTY_BODY = YES;
				CLANG_WARN_ENUM_CONVERSION = YES;
				CLANG_WARN_INFINITE_RECURSION = YES;
				CLANG_WARN_INT_CONVERSION = YES;
				CLANG_WARN_NON_LITERAL_NULL_CONVERSION = YES;
				CLANG_WARN_OBJC_LITERAL_CONVERSION = YES;
				CLANG_WARN_OBJC_ROOT_CLASS = YES_ERROR;
				CLANG_WARN_RANGE_LOOP_ANALYSIS = YES;
				CLANG_WARN_STRICT_PROTOTYPES = YES;
				CLANG_WARN_SUSPICIOUS_MOVE = YES;
				CLANG_WARN_UNGUARDED_AVAILABILITY = YES_AGGRESSIVE;
				CLANG_WARN_UNREACHABLE_CODE = YES;
				CLANG_WARN__DUPLICATE_METHOD_MATCH = YES;
				CODE_SIGN_IDENTITY = "-";
				CODE_SIGN_STYLE = Automatic;
				COMBINE_HIDPI_IMAGES = YES;
				CURRENT_PROJECT_VERSION = 1;
				DEFINES_MODULE = YES;
				DYLIB_COMPATIBILITY_VERSION = 1;
				DYLIB_CURRENT_VERSION = 1;
				DYLIB_INSTALL_NAME_BASE = "@rpath";
				ENABLE_STRICT_OBJC_MSGSEND = YES;
				ENABLE_TESTABILITY = YES;
				FRAMEWORK_VERSION = A;
				GCC_C_LANGUAGE_STANDARD = gnu11;
				GCC_DYNAMIC_NO_PIC = NO;
				GCC_NO_COMMON_BLOCKS = YES;
				GCC_PREPROCESSOR_DEFINITIONS = (
					"DEBUG=1",
					"$(inherited)",
				);
				GCC_WARN_64_TO_32_BIT_CONVERSION = YES;
				GCC_WARN_ABOUT_RETURN_TYPE = YES_ERROR;
				GCC_WARN_UNDECLARED_SELECTOR = YES;
				GCC_WARN_UNINITIALIZED_AUTOS = YES_AGGRESSIVE;
				GCC_WARN_UNUSED_FUNCTION = YES;
				GCC_WARN_UNUSED_VARIABLE = YES;
				INFOPLIST_FILE = Sources/Info.plist;
				INSTALL_PATH = "$(LOCAL_LIBRARY_DIR)/Frameworks";
				LD_RUNPATH_SEARCH_PATHS = "$(inherited) @executable_path/../Frameworks @loader_path/Frameworks";
				MACOSX_DEPLOYMENT_TARGET = 10.13;
				MTL_ENABLE_DEBUG_INFO = YES;
				PRODUCT_BUNDLE_IDENTIFIER = "io.github.apollozhu.swift-qrcodejs-macOS";
				PRODUCT_NAME = "$(TARGET_NAME:c99extidentifier)";
				SKIP_INSTALL = YES;
				SWIFT_ACTIVE_COMPILATION_CONDITIONS = DEBUG;
				SWIFT_OPTIMIZATION_LEVEL = "-Onone";
				SWIFT_VERSION = 4.0;
				VERSIONING_SYSTEM = "apple-generic";
				VERSION_INFO_PREFIX = "";
			};
			name = Debug;
		};
		5220FD3D1F81A41000E22111 /* Release */ = {
			isa = XCBuildConfiguration;
			buildSettings = {
				ALWAYS_SEARCH_USER_PATHS = NO;
				CLANG_ANALYZER_NONNULL = YES;
				CLANG_ANALYZER_NUMBER_OBJECT_CONVERSION = YES_AGGRESSIVE;
				CLANG_CXX_LANGUAGE_STANDARD = "gnu++14";
				CLANG_CXX_LIBRARY = "libc++";
				CLANG_ENABLE_MODULES = YES;
				CLANG_WARN_BLOCK_CAPTURE_AUTORELEASING = YES;
				CLANG_WARN_BOOL_CONVERSION = YES;
				CLANG_WARN_COMMA = YES;
				CLANG_WARN_CONSTANT_CONVERSION = YES;
				CLANG_WARN_DIRECT_OBJC_ISA_USAGE = YES_ERROR;
				CLANG_WARN_DOCUMENTATION_COMMENTS = YES;
				CLANG_WARN_EMPTY_BODY = YES;
				CLANG_WARN_ENUM_CONVERSION = YES;
				CLANG_WARN_INFINITE_RECURSION = YES;
				CLANG_WARN_INT_CONVERSION = YES;
				CLANG_WARN_NON_LITERAL_NULL_CONVERSION = YES;
				CLANG_WARN_OBJC_LITERAL_CONVERSION = YES;
				CLANG_WARN_OBJC_ROOT_CLASS = YES_ERROR;
				CLANG_WARN_RANGE_LOOP_ANALYSIS = YES;
				CLANG_WARN_STRICT_PROTOTYPES = YES;
				CLANG_WARN_SUSPICIOUS_MOVE = YES;
				CLANG_WARN_UNGUARDED_AVAILABILITY = YES_AGGRESSIVE;
				CLANG_WARN_UNREACHABLE_CODE = YES;
				CLANG_WARN__DUPLICATE_METHOD_MATCH = YES;
				CODE_SIGN_IDENTITY = "-";
				CODE_SIGN_STYLE = Automatic;
				COMBINE_HIDPI_IMAGES = YES;
				COPY_PHASE_STRIP = NO;
				CURRENT_PROJECT_VERSION = 1;
				DEFINES_MODULE = YES;
				DYLIB_COMPATIBILITY_VERSION = 1;
				DYLIB_CURRENT_VERSION = 1;
				DYLIB_INSTALL_NAME_BASE = "@rpath";
				ENABLE_NS_ASSERTIONS = NO;
				ENABLE_STRICT_OBJC_MSGSEND = YES;
				FRAMEWORK_VERSION = A;
				GCC_C_LANGUAGE_STANDARD = gnu11;
				GCC_NO_COMMON_BLOCKS = YES;
				GCC_WARN_64_TO_32_BIT_CONVERSION = YES;
				GCC_WARN_ABOUT_RETURN_TYPE = YES_ERROR;
				GCC_WARN_UNDECLARED_SELECTOR = YES;
				GCC_WARN_UNINITIALIZED_AUTOS = YES_AGGRESSIVE;
				GCC_WARN_UNUSED_FUNCTION = YES;
				GCC_WARN_UNUSED_VARIABLE = YES;
				INFOPLIST_FILE = Sources/Info.plist;
				INSTALL_PATH = "$(LOCAL_LIBRARY_DIR)/Frameworks";
				LD_RUNPATH_SEARCH_PATHS = "$(inherited) @executable_path/../Frameworks @loader_path/Frameworks";
				MACOSX_DEPLOYMENT_TARGET = 10.13;
				MTL_ENABLE_DEBUG_INFO = NO;
				PRODUCT_BUNDLE_IDENTIFIER = "io.github.apollozhu.swift-qrcodejs-macOS";
				PRODUCT_NAME = "$(TARGET_NAME:c99extidentifier)";
				SKIP_INSTALL = YES;
				SWIFT_VERSION = 4.0;
				VERSIONING_SYSTEM = "apple-generic";
				VERSION_INFO_PREFIX = "";
			};
			name = Release;
		};
		5220FD3F1F81A41000E22111 /* Debug */ = {
			isa = XCBuildConfiguration;
			buildSettings = {
				ALWAYS_EMBED_SWIFT_STANDARD_LIBRARIES = YES;
				ALWAYS_SEARCH_USER_PATHS = NO;
				CLANG_ANALYZER_NONNULL = YES;
				CLANG_ANALYZER_NUMBER_OBJECT_CONVERSION = YES_AGGRESSIVE;
				CLANG_CXX_LANGUAGE_STANDARD = "gnu++14";
				CLANG_CXX_LIBRARY = "libc++";
				CLANG_ENABLE_MODULES = YES;
				CLANG_WARN_BLOCK_CAPTURE_AUTORELEASING = YES;
				CLANG_WARN_BOOL_CONVERSION = YES;
				CLANG_WARN_COMMA = YES;
				CLANG_WARN_CONSTANT_CONVERSION = YES;
				CLANG_WARN_DIRECT_OBJC_ISA_USAGE = YES_ERROR;
				CLANG_WARN_DOCUMENTATION_COMMENTS = YES;
				CLANG_WARN_EMPTY_BODY = YES;
				CLANG_WARN_ENUM_CONVERSION = YES;
				CLANG_WARN_INFINITE_RECURSION = YES;
				CLANG_WARN_INT_CONVERSION = YES;
				CLANG_WARN_NON_LITERAL_NULL_CONVERSION = YES;
				CLANG_WARN_OBJC_LITERAL_CONVERSION = YES;
				CLANG_WARN_OBJC_ROOT_CLASS = YES_ERROR;
				CLANG_WARN_RANGE_LOOP_ANALYSIS = YES;
				CLANG_WARN_STRICT_PROTOTYPES = YES;
				CLANG_WARN_SUSPICIOUS_MOVE = YES;
				CLANG_WARN_UNGUARDED_AVAILABILITY = YES_AGGRESSIVE;
				CLANG_WARN_UNREACHABLE_CODE = YES;
				CLANG_WARN__DUPLICATE_METHOD_MATCH = YES;
				CODE_SIGN_IDENTITY = "-";
				CODE_SIGN_STYLE = Automatic;
				COMBINE_HIDPI_IMAGES = YES;
				ENABLE_STRICT_OBJC_MSGSEND = YES;
				ENABLE_TESTABILITY = YES;
				GCC_C_LANGUAGE_STANDARD = gnu11;
				GCC_DYNAMIC_NO_PIC = NO;
				GCC_NO_COMMON_BLOCKS = YES;
				GCC_PREPROCESSOR_DEFINITIONS = (
					"DEBUG=1",
					"$(inherited)",
				);
				GCC_WARN_64_TO_32_BIT_CONVERSION = YES;
				GCC_WARN_ABOUT_RETURN_TYPE = YES_ERROR;
				GCC_WARN_UNDECLARED_SELECTOR = YES;
				GCC_WARN_UNINITIALIZED_AUTOS = YES_AGGRESSIVE;
				GCC_WARN_UNUSED_FUNCTION = YES;
				GCC_WARN_UNUSED_VARIABLE = YES;
				INFOPLIST_FILE = "swift-qrcodejsTests-macOS/Info.plist";
				LD_RUNPATH_SEARCH_PATHS = "$(inherited) @executable_path/../Frameworks @loader_path/../Frameworks";
				MACOSX_DEPLOYMENT_TARGET = 10.13;
				MTL_ENABLE_DEBUG_INFO = YES;
				PRODUCT_BUNDLE_IDENTIFIER = "io.github.apollozhu.swift-qrcodejs-macOSTests";
				PRODUCT_NAME = "$(TARGET_NAME)";
				SWIFT_ACTIVE_COMPILATION_CONDITIONS = DEBUG;
				SWIFT_OPTIMIZATION_LEVEL = "-Onone";
				SWIFT_VERSION = 4.0;
			};
			name = Debug;
		};
		5220FD401F81A41000E22111 /* Release */ = {
			isa = XCBuildConfiguration;
			buildSettings = {
				ALWAYS_EMBED_SWIFT_STANDARD_LIBRARIES = YES;
				ALWAYS_SEARCH_USER_PATHS = NO;
				CLANG_ANALYZER_NONNULL = YES;
				CLANG_ANALYZER_NUMBER_OBJECT_CONVERSION = YES_AGGRESSIVE;
				CLANG_CXX_LANGUAGE_STANDARD = "gnu++14";
				CLANG_CXX_LIBRARY = "libc++";
				CLANG_ENABLE_MODULES = YES;
				CLANG_WARN_BLOCK_CAPTURE_AUTORELEASING = YES;
				CLANG_WARN_BOOL_CONVERSION = YES;
				CLANG_WARN_COMMA = YES;
				CLANG_WARN_CONSTANT_CONVERSION = YES;
				CLANG_WARN_DIRECT_OBJC_ISA_USAGE = YES_ERROR;
				CLANG_WARN_DOCUMENTATION_COMMENTS = YES;
				CLANG_WARN_EMPTY_BODY = YES;
				CLANG_WARN_ENUM_CONVERSION = YES;
				CLANG_WARN_INFINITE_RECURSION = YES;
				CLANG_WARN_INT_CONVERSION = YES;
				CLANG_WARN_NON_LITERAL_NULL_CONVERSION = YES;
				CLANG_WARN_OBJC_LITERAL_CONVERSION = YES;
				CLANG_WARN_OBJC_ROOT_CLASS = YES_ERROR;
				CLANG_WARN_RANGE_LOOP_ANALYSIS = YES;
				CLANG_WARN_STRICT_PROTOTYPES = YES;
				CLANG_WARN_SUSPICIOUS_MOVE = YES;
				CLANG_WARN_UNGUARDED_AVAILABILITY = YES_AGGRESSIVE;
				CLANG_WARN_UNREACHABLE_CODE = YES;
				CLANG_WARN__DUPLICATE_METHOD_MATCH = YES;
				CODE_SIGN_IDENTITY = "-";
				CODE_SIGN_STYLE = Automatic;
				COMBINE_HIDPI_IMAGES = YES;
				COPY_PHASE_STRIP = NO;
				ENABLE_NS_ASSERTIONS = NO;
				ENABLE_STRICT_OBJC_MSGSEND = YES;
				GCC_C_LANGUAGE_STANDARD = gnu11;
				GCC_NO_COMMON_BLOCKS = YES;
				GCC_WARN_64_TO_32_BIT_CONVERSION = YES;
				GCC_WARN_ABOUT_RETURN_TYPE = YES_ERROR;
				GCC_WARN_UNDECLARED_SELECTOR = YES;
				GCC_WARN_UNINITIALIZED_AUTOS = YES_AGGRESSIVE;
				GCC_WARN_UNUSED_FUNCTION = YES;
				GCC_WARN_UNUSED_VARIABLE = YES;
				INFOPLIST_FILE = "swift-qrcodejsTests-macOS/Info.plist";
				LD_RUNPATH_SEARCH_PATHS = "$(inherited) @executable_path/../Frameworks @loader_path/../Frameworks";
				MACOSX_DEPLOYMENT_TARGET = 10.13;
				MTL_ENABLE_DEBUG_INFO = NO;
				PRODUCT_BUNDLE_IDENTIFIER = "io.github.apollozhu.swift-qrcodejs-macOSTests";
				PRODUCT_NAME = "$(TARGET_NAME)";
				SWIFT_VERSION = 4.0;
			};
			name = Release;
		};
		OBJ_3 /* Debug */ = {
			isa = XCBuildConfiguration;
			buildSettings = {
				CLANG_ENABLE_OBJC_ARC = YES;
				COMBINE_HIDPI_IMAGES = YES;
				COPY_PHASE_STRIP = NO;
				DEBUG_INFORMATION_FORMAT = dwarf;
				DYLIB_INSTALL_NAME_BASE = "@rpath";
				ENABLE_NS_ASSERTIONS = YES;
				GCC_OPTIMIZATION_LEVEL = 0;
				MACOSX_DEPLOYMENT_TARGET = 10.10;
				ONLY_ACTIVE_ARCH = YES;
				OTHER_SWIFT_FLAGS = "-DXcode";
				PRODUCT_NAME = "$(TARGET_NAME)";
				SDKROOT = macosx;
				SUPPORTED_PLATFORMS = "macosx iphoneos iphonesimulator appletvos appletvsimulator watchos watchsimulator";
				SWIFT_ACTIVE_COMPILATION_CONDITIONS = SWIFT_PACKAGE;
				SWIFT_OPTIMIZATION_LEVEL = "-Onone";
				USE_HEADERMAP = NO;
			};
			name = Debug;
		};
		OBJ_4 /* Release */ = {
			isa = XCBuildConfiguration;
			buildSettings = {
				CLANG_ENABLE_OBJC_ARC = YES;
				COMBINE_HIDPI_IMAGES = YES;
				COPY_PHASE_STRIP = YES;
				DEBUG_INFORMATION_FORMAT = "dwarf-with-dsym";
				DYLIB_INSTALL_NAME_BASE = "@rpath";
				GCC_OPTIMIZATION_LEVEL = s;
				MACOSX_DEPLOYMENT_TARGET = 10.10;
				OTHER_SWIFT_FLAGS = "-DXcode";
				PRODUCT_NAME = "$(TARGET_NAME)";
				SDKROOT = macosx;
				SUPPORTED_PLATFORMS = "macosx iphoneos iphonesimulator appletvos appletvsimulator watchos watchsimulator";
				SWIFT_ACTIVE_COMPILATION_CONDITIONS = SWIFT_PACKAGE;
				SWIFT_OPTIMIZATION_LEVEL = "-Owholemodule";
				USE_HEADERMAP = NO;
			};
			name = Release;
		};
/* End XCBuildConfiguration section */

/* Begin XCConfigurationList section */
		5220FCF21F81A15200E22111 /* Build configuration list for PBXNativeTarget "swift-qrcodejs-iOS" */ = {
			isa = XCConfigurationList;
			buildConfigurations = (
				5220FCF31F81A15200E22111 /* Debug */,
				5220FCF41F81A15200E22111 /* Release */,
			);
			defaultConfigurationIsVisible = 0;
			defaultConfigurationName = Debug;
		};
		5220FCF51F81A15200E22111 /* Build configuration list for PBXNativeTarget "swift-qrcodejsTests-iOS" */ = {
			isa = XCConfigurationList;
			buildConfigurations = (
				5220FCF61F81A15200E22111 /* Debug */,
				5220FCF71F81A15200E22111 /* Release */,
			);
			defaultConfigurationIsVisible = 0;
			defaultConfigurationName = Debug;
		};
		5220FD021F81A1EB00E22111 /* Build configuration list for PBXNativeTarget "swift-qrcodejs-watchOS" */ = {
			isa = XCConfigurationList;
			buildConfigurations = (
				5220FD031F81A1EB00E22111 /* Debug */,
				5220FD041F81A1EB00E22111 /* Release */,
			);
			defaultConfigurationIsVisible = 0;
			defaultConfigurationName = Debug;
		};
		5220FD1B1F81A24F00E22111 /* Build configuration list for PBXNativeTarget "swift-qrcodejs-tvOS" */ = {
			isa = XCConfigurationList;
			buildConfigurations = (
				5220FD1C1F81A24F00E22111 /* Debug */,
				5220FD1D1F81A24F00E22111 /* Release */,
			);
			defaultConfigurationIsVisible = 0;
			defaultConfigurationName = Debug;
		};
		5220FD1E1F81A24F00E22111 /* Build configuration list for PBXNativeTarget "swift-qrcodejsTests-tvOS" */ = {
			isa = XCConfigurationList;
			buildConfigurations = (
				5220FD1F1F81A24F00E22111 /* Debug */,
				5220FD201F81A24F00E22111 /* Release */,
			);
			defaultConfigurationIsVisible = 0;
			defaultConfigurationName = Debug;
		};
		5220FD3B1F81A41000E22111 /* Build configuration list for PBXNativeTarget "swift-qrcodejs-macOS" */ = {
			isa = XCConfigurationList;
			buildConfigurations = (
				5220FD3C1F81A41000E22111 /* Debug */,
				5220FD3D1F81A41000E22111 /* Release */,
			);
			defaultConfigurationIsVisible = 0;
			defaultConfigurationName = Debug;
		};
		5220FD3E1F81A41000E22111 /* Build configuration list for PBXNativeTarget "swift-qrcodejsTests-macOS" */ = {
			isa = XCConfigurationList;
			buildConfigurations = (
				5220FD3F1F81A41000E22111 /* Debug */,
				5220FD401F81A41000E22111 /* Release */,
			);
			defaultConfigurationIsVisible = 0;
			defaultConfigurationName = Debug;
		};
		OBJ_2 /* Build configuration list for PBXProject "swift-qrcodejs" */ = {
			isa = XCConfigurationList;
			buildConfigurations = (
				OBJ_3 /* Debug */,
				OBJ_4 /* Release */,
			);
			defaultConfigurationIsVisible = 0;
			defaultConfigurationName = Debug;
		};
/* End XCConfigurationList section */
	};
	rootObject = OBJ_1 /* Project object */;
}
